// !$*UTF8*$!
{
	archiveVersion = 1;
	classes = {
	};
	objectVersion = 56;
	objects = {

/* Begin PBXBuildFile section */
		50E6E4652B69BBE5005C3C19 /* Session02App.swift in Sources */ = {isa = PBXBuildFile; fileRef = 50E6E4642B69BBE5005C3C19 /* Session02App.swift */; };
		50E6E4672B69BBE5005C3C19 /* ContentView.swift in Sources */ = {isa = PBXBuildFile; fileRef = 50E6E4662B69BBE5005C3C19 /* ContentView.swift */; };
		50E6E4692B69BBE6005C3C19 /* Assets.xcassets in Resources */ = {isa = PBXBuildFile; fileRef = 50E6E4682B69BBE6005C3C19 /* Assets.xcassets */; };
		50E6E46C2B69BBE6005C3C19 /* Preview Assets.xcassets in Resources */ = {isa = PBXBuildFile; fileRef = 50E6E46B2B69BBE6005C3C19 /* Preview Assets.xcassets */; };
		50E6E4762B69BBE6005C3C19 /* Session02Tests.swift in Sources */ = {isa = PBXBuildFile; fileRef = 50E6E4752B69BBE6005C3C19 /* Session02Tests.swift */; };
		50E6E4802B69BBE6005C3C19 /* Session02UITests.swift in Sources */ = {isa = PBXBuildFile; fileRef = 50E6E47F2B69BBE6005C3C19 /* Session02UITests.swift */; };
		50E6E4822B69BBE6005C3C19 /* Session02UITestsLaunchTests.swift in Sources */ = {isa = PBXBuildFile; fileRef = 50E6E4812B69BBE6005C3C19 /* Session02UITestsLaunchTests.swift */; };
/* End PBXBuildFile section */

/* Begin PBXContainerItemProxy section */
		50E6E4722B69BBE6005C3C19 /* PBXContainerItemProxy */ = {
			isa = PBXContainerItemProxy;
			containerPortal = 50E6E4592B69BBE5005C3C19 /* Project object */;
			proxyType = 1;
			remoteGlobalIDString = 50E6E4602B69BBE5005C3C19;
			remoteInfo = Session02;
		};
		50E6E47C2B69BBE6005C3C19 /* PBXContainerItemProxy */ = {
			isa = PBXContainerItemProxy;
			containerPortal = 50E6E4592B69BBE5005C3C19 /* Project object */;
			proxyType = 1;
			remoteGlobalIDString = 50E6E4602B69BBE5005C3C19;
			remoteInfo = Session02;
		};
/* End PBXContainerItemProxy section */

/* Begin PBXFileReference section */
		50E6E4612B69BBE5005C3C19 /* Session02.app */ = {isa = PBXFileReference; explicitFileType = wrapper.application; includeInIndex = 0; path = Session02.app; sourceTree = BUILT_PRODUCTS_DIR; };
		50E6E4642B69BBE5005C3C19 /* Session02App.swift */ = {isa = PBXFileReference; lastKnownFileType = sourcecode.swift; path = Session02App.swift; sourceTree = "<group>"; };
		50E6E4662B69BBE5005C3C19 /* ContentView.swift */ = {isa = PBXFileReference; lastKnownFileType = sourcecode.swift; path = ContentView.swift; sourceTree = "<group>"; };
		50E6E4682B69BBE6005C3C19 /* Assets.xcassets */ = {isa = PBXFileReference; lastKnownFileType = folder.assetcatalog; path = Assets.xcassets; sourceTree = "<group>"; };
		50E6E46B2B69BBE6005C3C19 /* Preview Assets.xcassets */ = {isa = PBXFileReference; lastKnownFileType = folder.assetcatalog; path = "Preview Assets.xcassets"; sourceTree = "<group>"; };
		50E6E4712B69BBE6005C3C19 /* Session02Tests.xctest */ = {isa = PBXFileReference; explicitFileType = wrapper.cfbundle; includeInIndex = 0; path = Session02Tests.xctest; sourceTree = BUILT_PRODUCTS_DIR; };
		50E6E4752B69BBE6005C3C19 /* Session02Tests.swift */ = {isa = PBXFileReference; lastKnownFileType = sourcecode.swift; path = Session02Tests.swift; sourceTree = "<group>"; };
		50E6E47B2B69BBE6005C3C19 /* Session02UITests.xctest */ = {isa = PBXFileReference; explicitFileType = wrapper.cfbundle; includeInIndex = 0; path = Session02UITests.xctest; sourceTree = BUILT_PRODUCTS_DIR; };
		50E6E47F2B69BBE6005C3C19 /* Session02UITests.swift */ = {isa = PBXFileReference; lastKnownFileType = sourcecode.swift; path = Session02UITests.swift; sourceTree = "<group>"; };
		50E6E4812B69BBE6005C3C19 /* Session02UITestsLaunchTests.swift */ = {isa = PBXFileReference; lastKnownFileType = sourcecode.swift; path = Session02UITestsLaunchTests.swift; sourceTree = "<group>"; };
/* End PBXFileReference section */

/* Begin PBXFrameworksBuildPhase section */
		50E6E45E2B69BBE5005C3C19 /* Frameworks */ = {
			isa = PBXFrameworksBuildPhase;
			buildActionMask = 2147483647;
			files = (
			);
			runOnlyForDeploymentPostprocessing = 0;
		};
		50E6E46E2B69BBE6005C3C19 /* Frameworks */ = {
			isa = PBXFrameworksBuildPhase;
			buildActionMask = 2147483647;
			files = (
			);
			runOnlyForDeploymentPostprocessing = 0;
		};
		50E6E4782B69BBE6005C3C19 /* Frameworks */ = {
			isa = PBXFrameworksBuildPhase;
			buildActionMask = 2147483647;
			files = (
			);
			runOnlyForDeploymentPostprocessing = 0;
		};
/* End PBXFrameworksBuildPhase section */

/* Begin PBXGroup section */
		50E6E4582B69BBE5005C3C19 = {
			isa = PBXGroup;
			children = (
				50E6E4632B69BBE5005C3C19 /* Session02 */,
				50E6E4742B69BBE6005C3C19 /* Session02Tests */,
				50E6E47E2B69BBE6005C3C19 /* Session02UITests */,
				50E6E4622B69BBE5005C3C19 /* Products */,
			);
			sourceTree = "<group>";
		};
		50E6E4622B69BBE5005C3C19 /* Products */ = {
			isa = PBXGroup;
			children = (
				50E6E4612B69BBE5005C3C19 /* Session02.app */,
				50E6E4712B69BBE6005C3C19 /* Session02Tests.xctest */,
				50E6E47B2B69BBE6005C3C19 /* Session02UITests.xctest */,
			);
			name = Products;
			sourceTree = "<group>";
		};
		50E6E4632B69BBE5005C3C19 /* Session02 */ = {
			isa = PBXGroup;
			children = (
				50E6E4642B69BBE5005C3C19 /* Session02App.swift */,
				50E6E4662B69BBE5005C3C19 /* ContentView.swift */,
				50E6E4682B69BBE6005C3C19 /* Assets.xcassets */,
				50E6E46A2B69BBE6005C3C19 /* Preview Content */,
			);
			path = Session02;
			sourceTree = "<group>";
		};
		50E6E46A2B69BBE6005C3C19 /* Preview Content */ = {
			isa = PBXGroup;
			children = (
				50E6E46B2B69BBE6005C3C19 /* Preview Assets.xcassets */,
			);
			path = "Preview Content";
			sourceTree = "<group>";
		};
		50E6E4742B69BBE6005C3C19 /* Session02Tests */ = {
			isa = PBXGroup;
			children = (
				50E6E4752B69BBE6005C3C19 /* Session02Tests.swift */,
			);
			path = Session02Tests;
			sourceTree = "<group>";
		};
		50E6E47E2B69BBE6005C3C19 /* Session02UITests */ = {
			isa = PBXGroup;
			children = (
				50E6E47F2B69BBE6005C3C19 /* Session02UITests.swift */,
				50E6E4812B69BBE6005C3C19 /* Session02UITestsLaunchTests.swift */,
			);
			path = Session02UITests;
			sourceTree = "<group>";
		};
/* End PBXGroup section */

/* Begin PBXNativeTarget section */
		50E6E4602B69BBE5005C3C19 /* Session02 */ = {
			isa = PBXNativeTarget;
			buildConfigurationList = 50E6E4852B69BBE6005C3C19 /* Build configuration list for PBXNativeTarget "Session02" */;
			buildPhases = (
				50E6E45D2B69BBE5005C3C19 /* Sources */,
				50E6E45E2B69BBE5005C3C19 /* Frameworks */,
				50E6E45F2B69BBE5005C3C19 /* Resources */,
			);
			buildRules = (
			);
			dependencies = (
			);
			name = Session02;
			productName = Session02;
			productReference = 50E6E4612B69BBE5005C3C19 /* Session02.app */;
			productType = "com.apple.product-type.application";
		};
		50E6E4702B69BBE6005C3C19 /* Session02Tests */ = {
			isa = PBXNativeTarget;
			buildConfigurationList = 50E6E4882B69BBE6005C3C19 /* Build configuration list for PBXNativeTarget "Session02Tests" */;
			buildPhases = (
				50E6E46D2B69BBE6005C3C19 /* Sources */,
				50E6E46E2B69BBE6005C3C19 /* Frameworks */,
				50E6E46F2B69BBE6005C3C19 /* Resources */,
			);
			buildRules = (
			);
			dependencies = (
				50E6E4732B69BBE6005C3C19 /* PBXTargetDependency */,
			);
			name = Session02Tests;
			productName = Session02Tests;
			productReference = 50E6E4712B69BBE6005C3C19 /* Session02Tests.xctest */;
			productType = "com.apple.product-type.bundle.unit-test";
		};
		50E6E47A2B69BBE6005C3C19 /* Session02UITests */ = {
			isa = PBXNativeTarget;
			buildConfigurationList = 50E6E48B2B69BBE6005C3C19 /* Build configuration list for PBXNativeTarget "Session02UITests" */;
			buildPhases = (
				50E6E4772B69BBE6005C3C19 /* Sources */,
				50E6E4782B69BBE6005C3C19 /* Frameworks */,
				50E6E4792B69BBE6005C3C19 /* Resources */,
			);
			buildRules = (
			);
			dependencies = (
				50E6E47D2B69BBE6005C3C19 /* PBXTargetDependency */,
			);
			name = Session02UITests;
			productName = Session02UITests;
			productReference = 50E6E47B2B69BBE6005C3C19 /* Session02UITests.xctest */;
			productType = "com.apple.product-type.bundle.ui-testing";
		};
/* End PBXNativeTarget section */

/* Begin PBXProject section */
		50E6E4592B69BBE5005C3C19 /* Project object */ = {
			isa = PBXProject;
			attributes = {
				BuildIndependentTargetsInParallel = 1;
				LastSwiftUpdateCheck = 1510;
				LastUpgradeCheck = 1510;
				TargetAttributes = {
					50E6E4602B69BBE5005C3C19 = {
						CreatedOnToolsVersion = 15.1;
					};
					50E6E4702B69BBE6005C3C19 = {
						CreatedOnToolsVersion = 15.1;
						TestTargetID = 50E6E4602B69BBE5005C3C19;
					};
					50E6E47A2B69BBE6005C3C19 = {
						CreatedOnToolsVersion = 15.1;
						TestTargetID = 50E6E4602B69BBE5005C3C19;
					};
				};
			};
			buildConfigurationList = 50E6E45C2B69BBE5005C3C19 /* Build configuration list for PBXProject "Session02" */;
			compatibilityVersion = "Xcode 14.0";
			developmentRegion = en;
			hasScannedForEncodings = 0;
			knownRegions = (
				en,
				Base,
			);
			mainGroup = 50E6E4582B69BBE5005C3C19;
			productRefGroup = 50E6E4622B69BBE5005C3C19 /* Products */;
			projectDirPath = "";
			projectRoot = "";
			targets = (
				50E6E4602B69BBE5005C3C19 /* Session02 */,
				50E6E4702B69BBE6005C3C19 /* Session02Tests */,
				50E6E47A2B69BBE6005C3C19 /* Session02UITests */,
			);
		};
/* End PBXProject section */

/* Begin PBXResourcesBuildPhase section */
		50E6E45F2B69BBE5005C3C19 /* Resources */ = {
			isa = PBXResourcesBuildPhase;
			buildActionMask = 2147483647;
			files = (
				50E6E46C2B69BBE6005C3C19 /* Preview Assets.xcassets in Resources */,
				50E6E4692B69BBE6005C3C19 /* Assets.xcassets in Resources */,
			);
			runOnlyForDeploymentPostprocessing = 0;
		};
		50E6E46F2B69BBE6005C3C19 /* Resources */ = {
			isa = PBXResourcesBuildPhase;
			buildActionMask = 2147483647;
			files = (
			);
			runOnlyForDeploymentPostprocessing = 0;
		};
		50E6E4792B69BBE6005C3C19 /* Resources */ = {
			isa = PBXResourcesBuildPhase;
			buildActionMask = 2147483647;
			files = (
			);
			runOnlyForDeploymentPostprocessing = 0;
		};
/* End PBXResourcesBuildPhase section */

/* Begin PBXSourcesBuildPhase section */
		50E6E45D2B69BBE5005C3C19 /* Sources */ = {
			isa = PBXSourcesBuildPhase;
			buildActionMask = 2147483647;
			files = (
				50E6E4672B69BBE5005C3C19 /* ContentView.swift in Sources */,
				50E6E4652B69BBE5005C3C19 /* Session02App.swift in Sources */,
			);
			runOnlyForDeploymentPostprocessing = 0;
		};
		50E6E46D2B69BBE6005C3C19 /* Sources */ = {
			isa = PBXSourcesBuildPhase;
			buildActionMask = 2147483647;
			files = (
				50E6E4762B69BBE6005C3C19 /* Session02Tests.swift in Sources */,
			);
			runOnlyForDeploymentPostprocessing = 0;
		};
		50E6E4772B69BBE6005C3C19 /* Sources */ = {
			isa = PBXSourcesBuildPhase;
			buildActionMask = 2147483647;
			files = (
				50E6E4802B69BBE6005C3C19 /* Session02UITests.swift in Sources */,
				50E6E4822B69BBE6005C3C19 /* Session02UITestsLaunchTests.swift in Sources */,
			);
			runOnlyForDeploymentPostprocessing = 0;
		};
/* End PBXSourcesBuildPhase section */

/* Begin PBXTargetDependency section */
		50E6E4732B69BBE6005C3C19 /* PBXTargetDependency */ = {
			isa = PBXTargetDependency;
			target = 50E6E4602B69BBE5005C3C19 /* Session02 */;
			targetProxy = 50E6E4722B69BBE6005C3C19 /* PBXContainerItemProxy */;
		};
		50E6E47D2B69BBE6005C3C19 /* PBXTargetDependency */ = {
			isa = PBXTargetDependency;
			target = 50E6E4602B69BBE5005C3C19 /* Session02 */;
			targetProxy = 50E6E47C2B69BBE6005C3C19 /* PBXContainerItemProxy */;
		};
/* End PBXTargetDependency section */

/* Begin XCBuildConfiguration section */
		50E6E4832B69BBE6005C3C19 /* Debug */ = {
			isa = XCBuildConfiguration;
			buildSettings = {
				ALWAYS_SEARCH_USER_PATHS = NO;
				ASSETCATALOG_COMPILER_GENERATE_SWIFT_ASSET_SYMBOL_EXTENSIONS = YES;
				CLANG_ANALYZER_NONNULL = YES;
				CLANG_ANALYZER_NUMBER_OBJECT_CONVERSION = YES_AGGRESSIVE;
				CLANG_CXX_LANGUAGE_STANDARD = "gnu++20";
				CLANG_ENABLE_MODULES = YES;
				CLANG_ENABLE_OBJC_ARC = YES;
				CLANG_ENABLE_OBJC_WEAK = YES;
				CLANG_WARN_BLOCK_CAPTURE_AUTORELEASING = YES;
				CLANG_WARN_BOOL_CONVERSION = YES;
				CLANG_WARN_COMMA = YES;
				CLANG_WARN_CONSTANT_CONVERSION = YES;
				CLANG_WARN_DEPRECATED_OBJC_IMPLEMENTATIONS = YES;
				CLANG_WARN_DIRECT_OBJC_ISA_USAGE = YES_ERROR;
				CLANG_WARN_DOCUMENTATION_COMMENTS = YES;
				CLANG_WARN_EMPTY_BODY = YES;
				CLANG_WARN_ENUM_CONVERSION = YES;
				CLANG_WARN_INFINITE_RECURSION = YES;
				CLANG_WARN_INT_CONVERSION = YES;
				CLANG_WARN_NON_LITERAL_NULL_CONVERSION = YES;
				CLANG_WARN_OBJC_IMPLICIT_RETAIN_SELF = YES;
				CLANG_WARN_OBJC_LITERAL_CONVERSION = YES;
				CLANG_WARN_OBJC_ROOT_CLASS = YES_ERROR;
				CLANG_WARN_QUOTED_INCLUDE_IN_FRAMEWORK_HEADER = YES;
				CLANG_WARN_RANGE_LOOP_ANALYSIS = YES;
				CLANG_WARN_STRICT_PROTOTYPES = YES;
				CLANG_WARN_SUSPICIOUS_MOVE = YES;
				CLANG_WARN_UNGUARDED_AVAILABILITY = YES_AGGRESSIVE;
				CLANG_WARN_UNREACHABLE_CODE = YES;
				CLANG_WARN__DUPLICATE_METHOD_MATCH = YES;
				COPY_PHASE_STRIP = NO;
				DEBUG_INFORMATION_FORMAT = dwarf;
				ENABLE_STRICT_OBJC_MSGSEND = YES;
				ENABLE_TESTABILITY = YES;
				ENABLE_USER_SCRIPT_SANDBOXING = YES;
				GCC_C_LANGUAGE_STANDARD = gnu17;
				GCC_DYNAMIC_NO_PIC = NO;
				GCC_NO_COMMON_BLOCKS = YES;
				GCC_OPTIMIZATION_LEVEL = 0;
				GCC_PREPROCESSOR_DEFINITIONS = (
					"DEBUG=1",
					"$(inherited)",
				);
				GCC_WARN_64_TO_32_BIT_CONVERSION = YES;
				GCC_WARN_ABOUT_RETURN_TYPE = YES_ERROR;
				GCC_WARN_UNDECLARED_SELECTOR = YES;
				GCC_WARN_UNINITIALIZED_AUTOS = YES_AGGRESSIVE;
				GCC_WARN_UNUSED_FUNCTION = YES;
				GCC_WARN_UNUSED_VARIABLE = YES;
				IPHONEOS_DEPLOYMENT_TARGET = 17.2;
				LOCALIZATION_PREFERS_STRING_CATALOGS = YES;
				MTL_ENABLE_DEBUG_INFO = INCLUDE_SOURCE;
				MTL_FAST_MATH = YES;
				ONLY_ACTIVE_ARCH = YES;
				SDKROOT = iphoneos;
				SWIFT_ACTIVE_COMPILATION_CONDITIONS = "DEBUG $(inherited)";
				SWIFT_OPTIMIZATION_LEVEL = "-Onone";
			};
			name = Debug;
		};
		50E6E4842B69BBE6005C3C19 /* Release */ = {
			isa = XCBuildConfiguration;
			buildSettings = {
				ALWAYS_SEARCH_USER_PATHS = NO;
				ASSETCATALOG_COMPILER_GENERATE_SWIFT_ASSET_SYMBOL_EXTENSIONS = YES;
				CLANG_ANALYZER_NONNULL = YES;
				CLANG_ANALYZER_NUMBER_OBJECT_CONVERSION = YES_AGGRESSIVE;
				CLANG_CXX_LANGUAGE_STANDARD = "gnu++20";
				CLANG_ENABLE_MODULES = YES;
				CLANG_ENABLE_OBJC_ARC = YES;
				CLANG_ENABLE_OBJC_WEAK = YES;
				CLANG_WARN_BLOCK_CAPTURE_AUTORELEASING = YES;
				CLANG_WARN_BOOL_CONVERSION = YES;
				CLANG_WARN_COMMA = YES;
				CLANG_WARN_CONSTANT_CONVERSION = YES;
				CLANG_WARN_DEPRECATED_OBJC_IMPLEMENTATIONS = YES;
				CLANG_WARN_DIRECT_OBJC_ISA_USAGE = YES_ERROR;
				CLANG_WARN_DOCUMENTATION_COMMENTS = YES;
				CLANG_WARN_EMPTY_BODY = YES;
				CLANG_WARN_ENUM_CONVERSION = YES;
				CLANG_WARN_INFINITE_RECURSION = YES;
				CLANG_WARN_INT_CONVERSION = YES;
				CLANG_WARN_NON_LITERAL_NULL_CONVERSION = YES;
				CLANG_WARN_OBJC_IMPLICIT_RETAIN_SELF = YES;
				CLANG_WARN_OBJC_LITERAL_CONVERSION = YES;
				CLANG_WARN_OBJC_ROOT_CLASS = YES_ERROR;
				CLANG_WARN_QUOTED_INCLUDE_IN_FRAMEWORK_HEADER = YES;
				CLANG_WARN_RANGE_LOOP_ANALYSIS = YES;
				CLANG_WARN_STRICT_PROTOTYPES = YES;
				CLANG_WARN_SUSPICIOUS_MOVE = YES;
				CLANG_WARN_UNGUARDED_AVAILABILITY = YES_AGGRESSIVE;
				CLANG_WARN_UNREACHABLE_CODE = YES;
				CLANG_WARN__DUPLICATE_METHOD_MATCH = YES;
				COPY_PHASE_STRIP = NO;
				DEBUG_INFORMATION_FORMAT = "dwarf-with-dsym";
				ENABLE_NS_ASSERTIONS = NO;
				ENABLE_STRICT_OBJC_MSGSEND = YES;
				ENABLE_USER_SCRIPT_SANDBOXING = YES;
				GCC_C_LANGUAGE_STANDARD = gnu17;
				GCC_NO_COMMON_BLOCKS = YES;
				GCC_WARN_64_TO_32_BIT_CONVERSION = YES;
				GCC_WARN_ABOUT_RETURN_TYPE = YES_ERROR;
				GCC_WARN_UNDECLARED_SELECTOR = YES;
				GCC_WARN_UNINITIALIZED_AUTOS = YES_AGGRESSIVE;
				GCC_WARN_UNUSED_FUNCTION = YES;
				GCC_WARN_UNUSED_VARIABLE = YES;
				IPHONEOS_DEPLOYMENT_TARGET = 17.2;
				LOCALIZATION_PREFERS_STRING_CATALOGS = YES;
				MTL_ENABLE_DEBUG_INFO = NO;
				MTL_FAST_MATH = YES;
				SDKROOT = iphoneos;
				SWIFT_COMPILATION_MODE = wholemodule;
				VALIDATE_PRODUCT = YES;
			};
			name = Release;
		};
		50E6E4862B69BBE6005C3C19 /* Debug */ = {
			isa = XCBuildConfiguration;
			buildSettings = {
				ASSETCATALOG_COMPILER_APPICON_NAME = AppIcon;
				ASSETCATALOG_COMPILER_GLOBAL_ACCENT_COLOR_NAME = AccentColor;
				CODE_SIGN_STYLE = Automatic;
				CURRENT_PROJECT_VERSION = 1;
				DEVELOPMENT_ASSET_PATHS = "\"Session02/Preview Content\"";
				DEVELOPMENT_TEAM = 827JZHP663;
				ENABLE_PREVIEWS = YES;
				GENERATE_INFOPLIST_FILE = YES;
				INFOPLIST_KEY_UIApplicationSceneManifest_Generation = YES;
				INFOPLIST_KEY_UIApplicationSupportsIndirectInputEvents = YES;
				INFOPLIST_KEY_UILaunchScreen_Generation = YES;
				INFOPLIST_KEY_UISupportedInterfaceOrientations_iPad = "UIInterfaceOrientationPortrait UIInterfaceOrientationPortraitUpsideDown UIInterfaceOrientationLandscapeLeft UIInterfaceOrientationLandscapeRight";
				INFOPLIST_KEY_UISupportedInterfaceOrientations_iPhone = "UIInterfaceOrientationPortrait UIInterfaceOrientationLandscapeLeft UIInterfaceOrientationLandscapeRight";
				LD_RUNPATH_SEARCH_PATHS = (
					"$(inherited)",
					"@executable_path/Frameworks",
				);
				MARKETING_VERSION = 1.0;
				PRODUCT_BUNDLE_IDENTIFIER = gbc.Session02;
				PRODUCT_NAME = "$(TARGET_NAME)";
				SWIFT_EMIT_LOC_STRINGS = YES;
				SWIFT_VERSION = 5.0;
				TARGETED_DEVICE_FAMILY = "1,2";
			};
			name = Debug;
		};
		50E6E4872B69BBE6005C3C19 /* Release */ = {
			isa = XCBuildConfiguration;
			buildSettings = {
				ASSETCATALOG_COMPILER_APPICON_NAME = AppIcon;
				ASSETCATALOG_COMPILER_GLOBAL_ACCENT_COLOR_NAME = AccentColor;
				CODE_SIGN_STYLE = Automatic;
				CURRENT_PROJECT_VERSION = 1;
				DEVELOPMENT_ASSET_PATHS = "\"Session02/Preview Content\"";
				DEVELOPMENT_TEAM = 827JZHP663;
				ENABLE_PREVIEWS = YES;
				GENERATE_INFOPLIST_FILE = YES;
				INFOPLIST_KEY_UIApplicationSceneManifest_Generation = YES;
				INFOPLIST_KEY_UIApplicationSupportsIndirectInputEvents = YES;
				INFOPLIST_KEY_UILaunchScreen_Generation = YES;
				INFOPLIST_KEY_UISupportedInterfaceOrientations_iPad = "UIInterfaceOrientationPortrait UIInterfaceOrientationPortraitUpsideDown UIInterfaceOrientationLandscapeLeft UIInterfaceOrientationLandscapeRight";
				INFOPLIST_KEY_UISupportedInterfaceOrientations_iPhone = "UIInterfaceOrientationPortrait UIInterfaceOrientationLandscapeLeft UIInterfaceOrientationLandscapeRight";
				LD_RUNPATH_SEARCH_PATHS = (
					"$(inherited)",
					"@executable_path/Frameworks",
				);
				MARKETING_VERSION = 1.0;
				PRODUCT_BUNDLE_IDENTIFIER = gbc.Session02;
				PRODUCT_NAME = "$(TARGET_NAME)";
				SWIFT_EMIT_LOC_STRINGS = YES;
				SWIFT_VERSION = 5.0;
				TARGETED_DEVICE_FAMILY = "1,2";
			};
			name = Release;
		};
		50E6E4892B69BBE6005C3C19 /* Debug */ = {
			isa = XCBuildConfiguration;
			buildSettings = {
				ALWAYS_EMBED_SWIFT_STANDARD_LIBRARIES = YES;
				BUNDLE_LOADER = "$(TEST_HOST)";
				CODE_SIGN_STYLE = Automatic;
				CURRENT_PROJECT_VERSION = 1;
				DEVELOPMENT_TEAM = 827JZHP663;
				GENERATE_INFOPLIST_FILE = YES;
				IPHONEOS_DEPLOYMENT_TARGET = 17.2;
				MARKETING_VERSION = 1.0;
				PRODUCT_BUNDLE_IDENTIFIER = gbc.Session02Tests;
				PRODUCT_NAME = "$(TARGET_NAME)";
				SWIFT_EMIT_LOC_STRINGS = NO;
				SWIFT_VERSION = 5.0;
				TARGETED_DEVICE_FAMILY = "1,2";
				TEST_HOST = "$(BUILT_PRODUCTS_DIR)/Session02.app/$(BUNDLE_EXECUTABLE_FOLDER_PATH)/Session02";
			};
			name = Debug;
		};
		50E6E48A2B69BBE6005C3C19 /* Release */ = {
			isa = XCBuildConfiguration;
			buildSettings = {
				ALWAYS_EMBED_SWIFT_STANDARD_LIBRARIES = YES;
				BUNDLE_LOADER = "$(TEST_HOST)";
				CODE_SIGN_STYLE = Automatic;
				CURRENT_PROJECT_VERSION = 1;
				DEVELOPMENT_TEAM = 827JZHP663;
				GENERATE_INFOPLIST_FILE = YES;
				IPHONEOS_DEPLOYMENT_TARGET = 17.2;
				MARKETING_VERSION = 1.0;
				PRODUCT_BUNDLE_IDENTIFIER = gbc.Session02Tests;
				PRODUCT_NAME = "$(TARGET_NAME)";
				SWIFT_EMIT_LOC_STRINGS = NO;
				SWIFT_VERSION = 5.0;
				TARGETED_DEVICE_FAMILY = "1,2";
				TEST_HOST = "$(BUILT_PRODUCTS_DIR)/Session02.app/$(BUNDLE_EXECUTABLE_FOLDER_PATH)/Session02";
			};
			name = Release;
		};
		50E6E48C2B69BBE6005C3C19 /* Debug */ = {
			isa = XCBuildConfiguration;
			buildSettings = {
				ALWAYS_EMBED_SWIFT_STANDARD_LIBRARIES = YES;
				CODE_SIGN_STYLE = Automatic;
				CURRENT_PROJECT_VERSION = 1;
				DEVELOPMENT_TEAM = 827JZHP663;
				GENERATE_INFOPLIST_FILE = YES;
				MARKETING_VERSION = 1.0;
				PRODUCT_BUNDLE_IDENTIFIER = gbc.Session02UITests;
				PRODUCT_NAME = "$(TARGET_NAME)";
				SWIFT_EMIT_LOC_STRINGS = NO;
				SWIFT_VERSION = 5.0;
				TARGETED_DEVICE_FAMILY = "1,2";
				TEST_TARGET_NAME = Session02;
			};
			name = Debug;
		};
		50E6E48D2B69BBE6005C3C19 /* Release */ = {
			isa = XCBuildConfiguration;
			buildSettings = {
				ALWAYS_EMBED_SWIFT_STANDARD_LIBRARIES = YES;
				CODE_SIGN_STYLE = Automatic;
				CURRENT_PROJECT_VERSION = 1;
				DEVELOPMENT_TEAM = 827JZHP663;
				GENERATE_INFOPLIST_FILE = YES;
				MARKETING_VERSION = 1.0;
				PRODUCT_BUNDLE_IDENTIFIER = gbc.Session02UITests;
				PRODUCT_NAME = "$(TARGET_NAME)";
				SWIFT_EMIT_LOC_STRINGS = NO;
				SWIFT_VERSION = 5.0;
				TARGETED_DEVICE_FAMILY = "1,2";
				TEST_TARGET_NAME = Session02;
			};
			name = Release;
		};
/* End XCBuildConfiguration section */

/* Begin XCConfigurationList section */
		50E6E45C2B69BBE5005C3C19 /* Build configuration list for PBXProject "Session02" */ = {
			isa = XCConfigurationList;
			buildConfigurations = (
				50E6E4832B69BBE6005C3C19 /* Debug */,
				50E6E4842B69BBE6005C3C19 /* Release */,
			);
			defaultConfigurationIsVisible = 0;
			defaultConfigurationName = Release;
		};
		50E6E4852B69BBE6005C3C19 /* Build configuration list for PBXNativeTarget "Session02" */ = {
			isa = XCConfigurationList;
			buildConfigurations = (
				50E6E4862B69BBE6005C3C19 /* Debug */,
				50E6E4872B69BBE6005C3C19 /* Release */,
			);
			defaultConfigurationIsVisible = 0;
			defaultConfigurationName = Release;
		};
		50E6E4882B69BBE6005C3C19 /* Build configuration list for PBXNativeTarget "Session02Tests" */ = {
			isa = XCConfigurationList;
			buildConfigurations = (
				50E6E4892B69BBE6005C3C19 /* Debug */,
				50E6E48A2B69BBE6005C3C19 /* Release */,
			);
			defaultConfigurationIsVisible = 0;
			defaultConfigurationName = Release;
		};
		50E6E48B2B69BBE6005C3C19 /* Build configuration list for PBXNativeTarget "Session02UITests" */ = {
			isa = XCConfigurationList;
			buildConfigurations = (
				50E6E48C2B69BBE6005C3C19 /* Debug */,
				50E6E48D2B69BBE6005C3C19 /* Release */,
			);
			defaultConfigurationIsVisible = 0;
			defaultConfigurationName = Release;
		};
/* End XCConfigurationList section */
	};
	rootObject = 50E6E4592B69BBE5005C3C19 /* Project object */;
}
