// !$*UTF8*$!
{
	archiveVersion = 1;
	classes = {
	};
	objectVersion = 56;
	objects = {

/* Begin PBXBuildFile section */
		50D5AEC62B75976000A9827F /* JobsWebServiceDemoApp.swift in Sources */ = {isa = PBXBuildFile; fileRef = 50D5AEC52B75976000A9827F /* JobsWebServiceDemoApp.swift */; };
		50D5AEC82B75976000A9827F /* ContentView.swift in Sources */ = {isa = PBXBuildFile; fileRef = 50D5AEC72B75976000A9827F /* ContentView.swift */; };
		50D5AECA2B75976100A9827F /* Assets.xcassets in Resources */ = {isa = PBXBuildFile; fileRef = 50D5AEC92B75976100A9827F /* Assets.xcassets */; };
		50D5AECD2B75976100A9827F /* Preview Assets.xcassets in Resources */ = {isa = PBXBuildFile; fileRef = 50D5AECC2B75976100A9827F /* Preview Assets.xcassets */; };
		50D5AED72B75976100A9827F /* JobsWebServiceDemoTests.swift in Sources */ = {isa = PBXBuildFile; fileRef = 50D5AED62B75976100A9827F /* JobsWebServiceDemoTests.swift */; };
		50D5AEE12B75976100A9827F /* JobsWebServiceDemoUITests.swift in Sources */ = {isa = PBXBuildFile; fileRef = 50D5AEE02B75976100A9827F /* JobsWebServiceDemoUITests.swift */; };
		50D5AEE32B75976100A9827F /* JobsWebServiceDemoUITestsLaunchTests.swift in Sources */ = {isa = PBXBuildFile; fileRef = 50D5AEE22B75976100A9827F /* JobsWebServiceDemoUITestsLaunchTests.swift */; };
		50D5AEF12B759B4700A9827F /* Alamofire in Frameworks */ = {isa = PBXBuildFile; productRef = 50D5AEF02B759B4700A9827F /* Alamofire */; };
		50D5AEF42B759C0100A9827F /* SwiftyJSON in Frameworks */ = {isa = PBXBuildFile; productRef = 50D5AEF32B759C0100A9827F /* SwiftyJSON */; };
		50D5AEF62B759CC900A9827F /* Job.swift in Sources */ = {isa = PBXBuildFile; fileRef = 50D5AEF52B759CC900A9827F /* Job.swift */; };
		50D5AEF82B759D8900A9827F /* JobViewModel.swift in Sources */ = {isa = PBXBuildFile; fileRef = 50D5AEF72B759D8900A9827F /* JobViewModel.swift */; };
/* End PBXBuildFile section */

/* Begin PBXContainerItemProxy section */
		50D5AED32B75976100A9827F /* PBXContainerItemProxy */ = {
			isa = PBXContainerItemProxy;
			containerPortal = 50D5AEBA2B75976000A9827F /* Project object */;
			proxyType = 1;
			remoteGlobalIDString = 50D5AEC12B75976000A9827F;
			remoteInfo = JobsWebServiceDemo;
		};
		50D5AEDD2B75976100A9827F /* PBXContainerItemProxy */ = {
			isa = PBXContainerItemProxy;
			containerPortal = 50D5AEBA2B75976000A9827F /* Project object */;
			proxyType = 1;
			remoteGlobalIDString = 50D5AEC12B75976000A9827F;
			remoteInfo = JobsWebServiceDemo;
		};
/* End PBXContainerItemProxy section */

/* Begin PBXFileReference section */
		50D5AEC22B75976000A9827F /* JobsWebServiceDemo.app */ = {isa = PBXFileReference; explicitFileType = wrapper.application; includeInIndex = 0; path = JobsWebServiceDemo.app; sourceTree = BUILT_PRODUCTS_DIR; };
		50D5AEC52B75976000A9827F /* JobsWebServiceDemoApp.swift */ = {isa = PBXFileReference; lastKnownFileType = sourcecode.swift; path = JobsWebServiceDemoApp.swift; sourceTree = "<group>"; };
		50D5AEC72B75976000A9827F /* ContentView.swift */ = {isa = PBXFileReference; lastKnownFileType = sourcecode.swift; path = ContentView.swift; sourceTree = "<group>"; };
		50D5AEC92B75976100A9827F /* Assets.xcassets */ = {isa = PBXFileReference; lastKnownFileType = folder.assetcatalog; path = Assets.xcassets; sourceTree = "<group>"; };
		50D5AECC2B75976100A9827F /* Preview Assets.xcassets */ = {isa = PBXFileReference; lastKnownFileType = folder.assetcatalog; path = "Preview Assets.xcassets"; sourceTree = "<group>"; };
		50D5AED22B75976100A9827F /* JobsWebServiceDemoTests.xctest */ = {isa = PBXFileReference; explicitFileType = wrapper.cfbundle; includeInIndex = 0; path = JobsWebServiceDemoTests.xctest; sourceTree = BUILT_PRODUCTS_DIR; };
		50D5AED62B75976100A9827F /* JobsWebServiceDemoTests.swift */ = {isa = PBXFileReference; lastKnownFileType = sourcecode.swift; path = JobsWebServiceDemoTests.swift; sourceTree = "<group>"; };
		50D5AEDC2B75976100A9827F /* JobsWebServiceDemoUITests.xctest */ = {isa = PBXFileReference; explicitFileType = wrapper.cfbundle; includeInIndex = 0; path = JobsWebServiceDemoUITests.xctest; sourceTree = BUILT_PRODUCTS_DIR; };
		50D5AEE02B75976100A9827F /* JobsWebServiceDemoUITests.swift */ = {isa = PBXFileReference; lastKnownFileType = sourcecode.swift; path = JobsWebServiceDemoUITests.swift; sourceTree = "<group>"; };
		50D5AEE22B75976100A9827F /* JobsWebServiceDemoUITestsLaunchTests.swift */ = {isa = PBXFileReference; lastKnownFileType = sourcecode.swift; path = JobsWebServiceDemoUITestsLaunchTests.swift; sourceTree = "<group>"; };
		50D5AEF52B759CC900A9827F /* Job.swift */ = {isa = PBXFileReference; lastKnownFileType = sourcecode.swift; path = Job.swift; sourceTree = "<group>"; };
		50D5AEF72B759D8900A9827F /* JobViewModel.swift */ = {isa = PBXFileReference; lastKnownFileType = sourcecode.swift; path = JobViewModel.swift; sourceTree = "<group>"; };
/* End PBXFileReference section */

/* Begin PBXFrameworksBuildPhase section */
		50D5AEBF2B75976000A9827F /* Frameworks */ = {
			isa = PBXFrameworksBuildPhase;
			buildActionMask = 2147483647;
			files = (
				50D5AEF42B759C0100A9827F /* SwiftyJSON in Frameworks */,
				50D5AEF12B759B4700A9827F /* Alamofire in Frameworks */,
			);
			runOnlyForDeploymentPostprocessing = 0;
		};
		50D5AECF2B75976100A9827F /* Frameworks */ = {
			isa = PBXFrameworksBuildPhase;
			buildActionMask = 2147483647;
			files = (
			);
			runOnlyForDeploymentPostprocessing = 0;
		};
		50D5AED92B75976100A9827F /* Frameworks */ = {
			isa = PBXFrameworksBuildPhase;
			buildActionMask = 2147483647;
			files = (
			);
			runOnlyForDeploymentPostprocessing = 0;
		};
/* End PBXFrameworksBuildPhase section */

/* Begin PBXGroup section */
		50D5AEB92B75976000A9827F = {
			isa = PBXGroup;
			children = (
				50D5AEC42B75976000A9827F /* JobsWebServiceDemo */,
				50D5AED52B75976100A9827F /* JobsWebServiceDemoTests */,
				50D5AEDF2B75976100A9827F /* JobsWebServiceDemoUITests */,
				50D5AEC32B75976000A9827F /* Products */,
			);
			sourceTree = "<group>";
		};
		50D5AEC32B75976000A9827F /* Products */ = {
			isa = PBXGroup;
			children = (
				50D5AEC22B75976000A9827F /* JobsWebServiceDemo.app */,
				50D5AED22B75976100A9827F /* JobsWebServiceDemoTests.xctest */,
				50D5AEDC2B75976100A9827F /* JobsWebServiceDemoUITests.xctest */,
			);
			name = Products;
			sourceTree = "<group>";
		};
		50D5AEC42B75976000A9827F /* JobsWebServiceDemo */ = {
			isa = PBXGroup;
			children = (
				50D5AEC52B75976000A9827F /* JobsWebServiceDemoApp.swift */,
				50D5AEC72B75976000A9827F /* ContentView.swift */,
				50D5AEC92B75976100A9827F /* Assets.xcassets */,
				50D5AECB2B75976100A9827F /* Preview Content */,
				50D5AEF52B759CC900A9827F /* Job.swift */,
				50D5AEF72B759D8900A9827F /* JobViewModel.swift */,
			);
			path = JobsWebServiceDemo;
			sourceTree = "<group>";
		};
		50D5AECB2B75976100A9827F /* Preview Content */ = {
			isa = PBXGroup;
			children = (
				50D5AECC2B75976100A9827F /* Preview Assets.xcassets */,
			);
			path = "Preview Content";
			sourceTree = "<group>";
		};
		50D5AED52B75976100A9827F /* JobsWebServiceDemoTests */ = {
			isa = PBXGroup;
			children = (
				50D5AED62B75976100A9827F /* JobsWebServiceDemoTests.swift */,
			);
			path = JobsWebServiceDemoTests;
			sourceTree = "<group>";
		};
		50D5AEDF2B75976100A9827F /* JobsWebServiceDemoUITests */ = {
			isa = PBXGroup;
			children = (
				50D5AEE02B75976100A9827F /* JobsWebServiceDemoUITests.swift */,
				50D5AEE22B75976100A9827F /* JobsWebServiceDemoUITestsLaunchTests.swift */,
			);
			path = JobsWebServiceDemoUITests;
			sourceTree = "<group>";
		};
/* End PBXGroup section */

/* Begin PBXNativeTarget section */
		50D5AEC12B75976000A9827F /* JobsWebServiceDemo */ = {
			isa = PBXNativeTarget;
			buildConfigurationList = 50D5AEE62B75976100A9827F /* Build configuration list for PBXNativeTarget "JobsWebServiceDemo" */;
			buildPhases = (
				50D5AEBE2B75976000A9827F /* Sources */,
				50D5AEBF2B75976000A9827F /* Frameworks */,
				50D5AEC02B75976000A9827F /* Resources */,
			);
			buildRules = (
			);
			dependencies = (
			);
			name = JobsWebServiceDemo;
			packageProductDependencies = (
				50D5AEF02B759B4700A9827F /* Alamofire */,
				50D5AEF32B759C0100A9827F /* SwiftyJSON */,
			);
			productName = JobsWebServiceDemo;
			productReference = 50D5AEC22B75976000A9827F /* JobsWebServiceDemo.app */;
			productType = "com.apple.product-type.application";
		};
		50D5AED12B75976100A9827F /* JobsWebServiceDemoTests */ = {
			isa = PBXNativeTarget;
			buildConfigurationList = 50D5AEE92B75976100A9827F /* Build configuration list for PBXNativeTarget "JobsWebServiceDemoTests" */;
			buildPhases = (
				50D5AECE2B75976100A9827F /* Sources */,
				50D5AECF2B75976100A9827F /* Frameworks */,
				50D5AED02B75976100A9827F /* Resources */,
			);
			buildRules = (
			);
			dependencies = (
				50D5AED42B75976100A9827F /* PBXTargetDependency */,
			);
			name = JobsWebServiceDemoTests;
			productName = JobsWebServiceDemoTests;
			productReference = 50D5AED22B75976100A9827F /* JobsWebServiceDemoTests.xctest */;
			productType = "com.apple.product-type.bundle.unit-test";
		};
		50D5AEDB2B75976100A9827F /* JobsWebServiceDemoUITests */ = {
			isa = PBXNativeTarget;
			buildConfigurationList = 50D5AEEC2B75976100A9827F /* Build configuration list for PBXNativeTarget "JobsWebServiceDemoUITests" */;
			buildPhases = (
				50D5AED82B75976100A9827F /* Sources */,
				50D5AED92B75976100A9827F /* Frameworks */,
				50D5AEDA2B75976100A9827F /* Resources */,
			);
			buildRules = (
			);
			dependencies = (
				50D5AEDE2B75976100A9827F /* PBXTargetDependency */,
			);
			name = JobsWebServiceDemoUITests;
			productName = JobsWebServiceDemoUITests;
			productReference = 50D5AEDC2B75976100A9827F /* JobsWebServiceDemoUITests.xctest */;
			productType = "com.apple.product-type.bundle.ui-testing";
		};
/* End PBXNativeTarget section */

/* Begin PBXProject section */
		50D5AEBA2B75976000A9827F /* Project object */ = {
			isa = PBXProject;
			attributes = {
				BuildIndependentTargetsInParallel = 1;
				LastSwiftUpdateCheck = 1510;
				LastUpgradeCheck = 1510;
				TargetAttributes = {
					50D5AEC12B75976000A9827F = {
						CreatedOnToolsVersion = 15.1;
					};
					50D5AED12B75976100A9827F = {
						CreatedOnToolsVersion = 15.1;
						TestTargetID = 50D5AEC12B75976000A9827F;
					};
					50D5AEDB2B75976100A9827F = {
						CreatedOnToolsVersion = 15.1;
						TestTargetID = 50D5AEC12B75976000A9827F;
					};
				};
			};
			buildConfigurationList = 50D5AEBD2B75976000A9827F /* Build configuration list for PBXProject "JobsWebServiceDemo" */;
			compatibilityVersion = "Xcode 14.0";
			developmentRegion = en;
			hasScannedForEncodings = 0;
			knownRegions = (
				en,
				Base,
			);
			mainGroup = 50D5AEB92B75976000A9827F;
			packageReferences = (
				50D5AEEF2B759B4700A9827F /* XCRemoteSwiftPackageReference "Alamofire" */,
				50D5AEF22B759C0100A9827F /* XCRemoteSwiftPackageReference "SwiftyJSON" */,
			);
			productRefGroup = 50D5AEC32B75976000A9827F /* Products */;
			projectDirPath = "";
			projectRoot = "";
			targets = (
				50D5AEC12B75976000A9827F /* JobsWebServiceDemo */,
				50D5AED12B75976100A9827F /* JobsWebServiceDemoTests */,
				50D5AEDB2B75976100A9827F /* JobsWebServiceDemoUITests */,
			);
		};
/* End PBXProject section */

/* Begin PBXResourcesBuildPhase section */
		50D5AEC02B75976000A9827F /* Resources */ = {
			isa = PBXResourcesBuildPhase;
			buildActionMask = 2147483647;
			files = (
				50D5AECD2B75976100A9827F /* Preview Assets.xcassets in Resources */,
				50D5AECA2B75976100A9827F /* Assets.xcassets in Resources */,
			);
			runOnlyForDeploymentPostprocessing = 0;
		};
		50D5AED02B75976100A9827F /* Resources */ = {
			isa = PBXResourcesBuildPhase;
			buildActionMask = 2147483647;
			files = (
			);
			runOnlyForDeploymentPostprocessing = 0;
		};
		50D5AEDA2B75976100A9827F /* Resources */ = {
			isa = PBXResourcesBuildPhase;
			buildActionMask = 2147483647;
			files = (
			);
			runOnlyForDeploymentPostprocessing = 0;
		};
/* End PBXResourcesBuildPhase section */

/* Begin PBXSourcesBuildPhase section */
		50D5AEBE2B75976000A9827F /* Sources */ = {
			isa = PBXSourcesBuildPhase;
			buildActionMask = 2147483647;
			files = (
				50D5AEF82B759D8900A9827F /* JobViewModel.swift in Sources */,
				50D5AEC82B75976000A9827F /* ContentView.swift in Sources */,
				50D5AEF62B759CC900A9827F /* Job.swift in Sources */,
				50D5AEC62B75976000A9827F /* JobsWebServiceDemoApp.swift in Sources */,
			);
			runOnlyForDeploymentPostprocessing = 0;
		};
		50D5AECE2B75976100A9827F /* Sources */ = {
			isa = PBXSourcesBuildPhase;
			buildActionMask = 2147483647;
			files = (
				50D5AED72B75976100A9827F /* JobsWebServiceDemoTests.swift in Sources */,
			);
			runOnlyForDeploymentPostprocessing = 0;
		};
		50D5AED82B75976100A9827F /* Sources */ = {
			isa = PBXSourcesBuildPhase;
			buildActionMask = 2147483647;
			files = (
				50D5AEE32B75976100A9827F /* JobsWebServiceDemoUITestsLaunchTests.swift in Sources */,
				50D5AEE12B75976100A9827F /* JobsWebServiceDemoUITests.swift in Sources */,
			);
			runOnlyForDeploymentPostprocessing = 0;
		};
/* End PBXSourcesBuildPhase section */

/* Begin PBXTargetDependency section */
		50D5AED42B75976100A9827F /* PBXTargetDependency */ = {
			isa = PBXTargetDependency;
			target = 50D5AEC12B75976000A9827F /* JobsWebServiceDemo */;
			targetProxy = 50D5AED32B75976100A9827F /* PBXContainerItemProxy */;
		};
		50D5AEDE2B75976100A9827F /* PBXTargetDependency */ = {
			isa = PBXTargetDependency;
			target = 50D5AEC12B75976000A9827F /* JobsWebServiceDemo */;
			targetProxy = 50D5AEDD2B75976100A9827F /* PBXContainerItemProxy */;
		};
/* End PBXTargetDependency section */

/* Begin XCBuildConfiguration section */
		50D5AEE42B75976100A9827F /* Debug */ = {
			isa = XCBuildConfiguration;
			buildSettings = {
				ALWAYS_SEARCH_USER_PATHS = NO;
				ASSETCATALOG_COMPILER_GENERATE_SWIFT_ASSET_SYMBOL_EXTENSIONS = YES;
				CLANG_ANALYZER_NONNULL = YES;
				CLANG_ANALYZER_NUMBER_OBJECT_CONVERSION = YES_AGGRESSIVE;
				CLANG_CXX_LANGUAGE_STANDARD = "gnu++20";
				CLANG_ENABLE_MODULES = YES;
				CLANG_ENABLE_OBJC_ARC = YES;
				CLANG_ENABLE_OBJC_WEAK = YES;
				CLANG_WARN_BLOCK_CAPTURE_AUTORELEASING = YES;
				CLANG_WARN_BOOL_CONVERSION = YES;
				CLANG_WARN_COMMA = YES;
				CLANG_WARN_CONSTANT_CONVERSION = YES;
				CLANG_WARN_DEPRECATED_OBJC_IMPLEMENTATIONS = YES;
				CLANG_WARN_DIRECT_OBJC_ISA_USAGE = YES_ERROR;
				CLANG_WARN_DOCUMENTATION_COMMENTS = YES;
				CLANG_WARN_EMPTY_BODY = YES;
				CLANG_WARN_ENUM_CONVERSION = YES;
				CLANG_WARN_INFINITE_RECURSION = YES;
				CLANG_WARN_INT_CONVERSION = YES;
				CLANG_WARN_NON_LITERAL_NULL_CONVERSION = YES;
				CLANG_WARN_OBJC_IMPLICIT_RETAIN_SELF = YES;
				CLANG_WARN_OBJC_LITERAL_CONVERSION = YES;
				CLANG_WARN_OBJC_ROOT_CLASS = YES_ERROR;
				CLANG_WARN_QUOTED_INCLUDE_IN_FRAMEWORK_HEADER = YES;
				CLANG_WARN_RANGE_LOOP_ANALYSIS = YES;
				CLANG_WARN_STRICT_PROTOTYPES = YES;
				CLANG_WARN_SUSPICIOUS_MOVE = YES;
				CLANG_WARN_UNGUARDED_AVAILABILITY = YES_AGGRESSIVE;
				CLANG_WARN_UNREACHABLE_CODE = YES;
				CLANG_WARN__DUPLICATE_METHOD_MATCH = YES;
				COPY_PHASE_STRIP = NO;
				DEBUG_INFORMATION_FORMAT = dwarf;
				ENABLE_STRICT_OBJC_MSGSEND = YES;
				ENABLE_TESTABILITY = YES;
				ENABLE_USER_SCRIPT_SANDBOXING = YES;
				GCC_C_LANGUAGE_STANDARD = gnu17;
				GCC_DYNAMIC_NO_PIC = NO;
				GCC_NO_COMMON_BLOCKS = YES;
				GCC_OPTIMIZATION_LEVEL = 0;
				GCC_PREPROCESSOR_DEFINITIONS = (
					"DEBUG=1",
					"$(inherited)",
				);
				GCC_WARN_64_TO_32_BIT_CONVERSION = YES;
				GCC_WARN_ABOUT_RETURN_TYPE = YES_ERROR;
				GCC_WARN_UNDECLARED_SELECTOR = YES;
				GCC_WARN_UNINITIALIZED_AUTOS = YES_AGGRESSIVE;
				GCC_WARN_UNUSED_FUNCTION = YES;
				GCC_WARN_UNUSED_VARIABLE = YES;
				IPHONEOS_DEPLOYMENT_TARGET = 17.2;
				LOCALIZATION_PREFERS_STRING_CATALOGS = YES;
				MTL_ENABLE_DEBUG_INFO = INCLUDE_SOURCE;
				MTL_FAST_MATH = YES;
				ONLY_ACTIVE_ARCH = YES;
				SDKROOT = iphoneos;
				SWIFT_ACTIVE_COMPILATION_CONDITIONS = "DEBUG $(inherited)";
				SWIFT_OPTIMIZATION_LEVEL = "-Onone";
			};
			name = Debug;
		};
		50D5AEE52B75976100A9827F /* Release */ = {
			isa = XCBuildConfiguration;
			buildSettings = {
				ALWAYS_SEARCH_USER_PATHS = NO;
				ASSETCATALOG_COMPILER_GENERATE_SWIFT_ASSET_SYMBOL_EXTENSIONS = YES;
				CLANG_ANALYZER_NONNULL = YES;
				CLANG_ANALYZER_NUMBER_OBJECT_CONVERSION = YES_AGGRESSIVE;
				CLANG_CXX_LANGUAGE_STANDARD = "gnu++20";
				CLANG_ENABLE_MODULES = YES;
				CLANG_ENABLE_OBJC_ARC = YES;
				CLANG_ENABLE_OBJC_WEAK = YES;
				CLANG_WARN_BLOCK_CAPTURE_AUTORELEASING = YES;
				CLANG_WARN_BOOL_CONVERSION = YES;
				CLANG_WARN_COMMA = YES;
				CLANG_WARN_CONSTANT_CONVERSION = YES;
				CLANG_WARN_DEPRECATED_OBJC_IMPLEMENTATIONS = YES;
				CLANG_WARN_DIRECT_OBJC_ISA_USAGE = YES_ERROR;
				CLANG_WARN_DOCUMENTATION_COMMENTS = YES;
				CLANG_WARN_EMPTY_BODY = YES;
				CLANG_WARN_ENUM_CONVERSION = YES;
				CLANG_WARN_INFINITE_RECURSION = YES;
				CLANG_WARN_INT_CONVERSION = YES;
				CLANG_WARN_NON_LITERAL_NULL_CONVERSION = YES;
				CLANG_WARN_OBJC_IMPLICIT_RETAIN_SELF = YES;
				CLANG_WARN_OBJC_LITERAL_CONVERSION = YES;
				CLANG_WARN_OBJC_ROOT_CLASS = YES_ERROR;
				CLANG_WARN_QUOTED_INCLUDE_IN_FRAMEWORK_HEADER = YES;
				CLANG_WARN_RANGE_LOOP_ANALYSIS = YES;
				CLANG_WARN_STRICT_PROTOTYPES = YES;
				CLANG_WARN_SUSPICIOUS_MOVE = YES;
				CLANG_WARN_UNGUARDED_AVAILABILITY = YES_AGGRESSIVE;
				CLANG_WARN_UNREACHABLE_CODE = YES;
				CLANG_WARN__DUPLICATE_METHOD_MATCH = YES;
				COPY_PHASE_STRIP = NO;
				DEBUG_INFORMATION_FORMAT = "dwarf-with-dsym";
				ENABLE_NS_ASSERTIONS = NO;
				ENABLE_STRICT_OBJC_MSGSEND = YES;
				ENABLE_USER_SCRIPT_SANDBOXING = YES;
				GCC_C_LANGUAGE_STANDARD = gnu17;
				GCC_NO_COMMON_BLOCKS = YES;
				GCC_WARN_64_TO_32_BIT_CONVERSION = YES;
				GCC_WARN_ABOUT_RETURN_TYPE = YES_ERROR;
				GCC_WARN_UNDECLARED_SELECTOR = YES;
				GCC_WARN_UNINITIALIZED_AUTOS = YES_AGGRESSIVE;
				GCC_WARN_UNUSED_FUNCTION = YES;
				GCC_WARN_UNUSED_VARIABLE = YES;
				IPHONEOS_DEPLOYMENT_TARGET = 17.2;
				LOCALIZATION_PREFERS_STRING_CATALOGS = YES;
				MTL_ENABLE_DEBUG_INFO = NO;
				MTL_FAST_MATH = YES;
				SDKROOT = iphoneos;
				SWIFT_COMPILATION_MODE = wholemodule;
				VALIDATE_PRODUCT = YES;
			};
			name = Release;
		};
		50D5AEE72B75976100A9827F /* Debug */ = {
			isa = XCBuildConfiguration;
			buildSettings = {
				ASSETCATALOG_COMPILER_APPICON_NAME = AppIcon;
				ASSETCATALOG_COMPILER_GLOBAL_ACCENT_COLOR_NAME = AccentColor;
				CODE_SIGN_STYLE = Automatic;
				CURRENT_PROJECT_VERSION = 1;
				DEVELOPMENT_ASSET_PATHS = "\"JobsWebServiceDemo/Preview Content\"";
				DEVELOPMENT_TEAM = 827JZHP663;
				ENABLE_PREVIEWS = YES;
				GENERATE_INFOPLIST_FILE = YES;
				INFOPLIST_KEY_UIApplicationSceneManifest_Generation = YES;
				INFOPLIST_KEY_UIApplicationSupportsIndirectInputEvents = YES;
				INFOPLIST_KEY_UILaunchScreen_Generation = YES;
				INFOPLIST_KEY_UISupportedInterfaceOrientations_iPad = "UIInterfaceOrientationPortrait UIInterfaceOrientationPortraitUpsideDown UIInterfaceOrientationLandscapeLeft UIInterfaceOrientationLandscapeRight";
				INFOPLIST_KEY_UISupportedInterfaceOrientations_iPhone = "UIInterfaceOrientationPortrait UIInterfaceOrientationLandscapeLeft UIInterfaceOrientationLandscapeRight";
				LD_RUNPATH_SEARCH_PATHS = (
					"$(inherited)",
					"@executable_path/Frameworks",
				);
				MARKETING_VERSION = 1.0;
				PRODUCT_BUNDLE_IDENTIFIER = com.gbc.JobsWebServiceDemo;
				PRODUCT_NAME = "$(TARGET_NAME)";
				SWIFT_EMIT_LOC_STRINGS = YES;
				SWIFT_VERSION = 5.0;
				TARGETED_DEVICE_FAMILY = "1,2";
			};
			name = Debug;
		};
		50D5AEE82B75976100A9827F /* Release */ = {
			isa = XCBuildConfiguration;
			buildSettings = {
				ASSETCATALOG_COMPILER_APPICON_NAME = AppIcon;
				ASSETCATALOG_COMPILER_GLOBAL_ACCENT_COLOR_NAME = AccentColor;
				CODE_SIGN_STYLE = Automatic;
				CURRENT_PROJECT_VERSION = 1;
				DEVELOPMENT_ASSET_PATHS = "\"JobsWebServiceDemo/Preview Content\"";
				DEVELOPMENT_TEAM = 827JZHP663;
				ENABLE_PREVIEWS = YES;
				GENERATE_INFOPLIST_FILE = YES;
				INFOPLIST_KEY_UIApplicationSceneManifest_Generation = YES;
				INFOPLIST_KEY_UIApplicationSupportsIndirectInputEvents = YES;
				INFOPLIST_KEY_UILaunchScreen_Generation = YES;
				INFOPLIST_KEY_UISupportedInterfaceOrientations_iPad = "UIInterfaceOrientationPortrait UIInterfaceOrientationPortraitUpsideDown UIInterfaceOrientationLandscapeLeft UIInterfaceOrientationLandscapeRight";
				INFOPLIST_KEY_UISupportedInterfaceOrientations_iPhone = "UIInterfaceOrientationPortrait UIInterfaceOrientationLandscapeLeft UIInterfaceOrientationLandscapeRight";
				LD_RUNPATH_SEARCH_PATHS = (
					"$(inherited)",
					"@executable_path/Frameworks",
				);
				MARKETING_VERSION = 1.0;
				PRODUCT_BUNDLE_IDENTIFIER = com.gbc.JobsWebServiceDemo;
				PRODUCT_NAME = "$(TARGET_NAME)";
				SWIFT_EMIT_LOC_STRINGS = YES;
				SWIFT_VERSION = 5.0;
				TARGETED_DEVICE_FAMILY = "1,2";
			};
			name = Release;
		};
		50D5AEEA2B75976100A9827F /* Debug */ = {
			isa = XCBuildConfiguration;
			buildSettings = {
				ALWAYS_EMBED_SWIFT_STANDARD_LIBRARIES = YES;
				BUNDLE_LOADER = "$(TEST_HOST)";
				CODE_SIGN_STYLE = Automatic;
				CURRENT_PROJECT_VERSION = 1;
				DEVELOPMENT_TEAM = 827JZHP663;
				GENERATE_INFOPLIST_FILE = YES;
				IPHONEOS_DEPLOYMENT_TARGET = 17.2;
				MARKETING_VERSION = 1.0;
				PRODUCT_BUNDLE_IDENTIFIER = com.gbc.JobsWebServiceDemoTests;
				PRODUCT_NAME = "$(TARGET_NAME)";
				SWIFT_EMIT_LOC_STRINGS = NO;
				SWIFT_VERSION = 5.0;
				TARGETED_DEVICE_FAMILY = "1,2";
				TEST_HOST = "$(BUILT_PRODUCTS_DIR)/JobsWebServiceDemo.app/$(BUNDLE_EXECUTABLE_FOLDER_PATH)/JobsWebServiceDemo";
			};
			name = Debug;
		};
		50D5AEEB2B75976100A9827F /* Release */ = {
			isa = XCBuildConfiguration;
			buildSettings = {
				ALWAYS_EMBED_SWIFT_STANDARD_LIBRARIES = YES;
				BUNDLE_LOADER = "$(TEST_HOST)";
				CODE_SIGN_STYLE = Automatic;
				CURRENT_PROJECT_VERSION = 1;
				DEVELOPMENT_TEAM = 827JZHP663;
				GENERATE_INFOPLIST_FILE = YES;
				IPHONEOS_DEPLOYMENT_TARGET = 17.2;
				MARKETING_VERSION = 1.0;
				PRODUCT_BUNDLE_IDENTIFIER = com.gbc.JobsWebServiceDemoTests;
				PRODUCT_NAME = "$(TARGET_NAME)";
				SWIFT_EMIT_LOC_STRINGS = NO;
				SWIFT_VERSION = 5.0;
				TARGETED_DEVICE_FAMILY = "1,2";
				TEST_HOST = "$(BUILT_PRODUCTS_DIR)/JobsWebServiceDemo.app/$(BUNDLE_EXECUTABLE_FOLDER_PATH)/JobsWebServiceDemo";
			};
			name = Release;
		};
		50D5AEED2B75976100A9827F /* Debug */ = {
			isa = XCBuildConfiguration;
			buildSettings = {
				ALWAYS_EMBED_SWIFT_STANDARD_LIBRARIES = YES;
				CODE_SIGN_STYLE = Automatic;
				CURRENT_PROJECT_VERSION = 1;
				DEVELOPMENT_TEAM = 827JZHP663;
				GENERATE_INFOPLIST_FILE = YES;
				MARKETING_VERSION = 1.0;
				PRODUCT_BUNDLE_IDENTIFIER = com.gbc.JobsWebServiceDemoUITests;
				PRODUCT_NAME = "$(TARGET_NAME)";
				SWIFT_EMIT_LOC_STRINGS = NO;
				SWIFT_VERSION = 5.0;
				TARGETED_DEVICE_FAMILY = "1,2";
				TEST_TARGET_NAME = JobsWebServiceDemo;
			};
			name = Debug;
		};
		50D5AEEE2B75976100A9827F /* Release */ = {
			isa = XCBuildConfiguration;
			buildSettings = {
				ALWAYS_EMBED_SWIFT_STANDARD_LIBRARIES = YES;
				CODE_SIGN_STYLE = Automatic;
				CURRENT_PROJECT_VERSION = 1;
				DEVELOPMENT_TEAM = 827JZHP663;
				GENERATE_INFOPLIST_FILE = YES;
				MARKETING_VERSION = 1.0;
				PRODUCT_BUNDLE_IDENTIFIER = com.gbc.JobsWebServiceDemoUITests;
				PRODUCT_NAME = "$(TARGET_NAME)";
				SWIFT_EMIT_LOC_STRINGS = NO;
				SWIFT_VERSION = 5.0;
				TARGETED_DEVICE_FAMILY = "1,2";
				TEST_TARGET_NAME = JobsWebServiceDemo;
			};
			name = Release;
		};
/* End XCBuildConfiguration section */

/* Begin XCConfigurationList section */
		50D5AEBD2B75976000A9827F /* Build configuration list for PBXProject "JobsWebServiceDemo" */ = {
			isa = XCConfigurationList;
			buildConfigurations = (
				50D5AEE42B75976100A9827F /* Debug */,
				50D5AEE52B75976100A9827F /* Release */,
			);
			defaultConfigurationIsVisible = 0;
			defaultConfigurationName = Release;
		};
		50D5AEE62B75976100A9827F /* Build configuration list for PBXNativeTarget "JobsWebServiceDemo" */ = {
			isa = XCConfigurationList;
			buildConfigurations = (
				50D5AEE72B75976100A9827F /* Debug */,
				50D5AEE82B75976100A9827F /* Release */,
			);
			defaultConfigurationIsVisible = 0;
			defaultConfigurationName = Release;
		};
		50D5AEE92B75976100A9827F /* Build configuration list for PBXNativeTarget "JobsWebServiceDemoTests" */ = {
			isa = XCConfigurationList;
			buildConfigurations = (
				50D5AEEA2B75976100A9827F /* Debug */,
				50D5AEEB2B75976100A9827F /* Release */,
			);
			defaultConfigurationIsVisible = 0;
			defaultConfigurationName = Release;
		};
		50D5AEEC2B75976100A9827F /* Build configuration list for PBXNativeTarget "JobsWebServiceDemoUITests" */ = {
			isa = XCConfigurationList;
			buildConfigurations = (
				50D5AEED2B75976100A9827F /* Debug */,
				50D5AEEE2B75976100A9827F /* Release */,
			);
			defaultConfigurationIsVisible = 0;
			defaultConfigurationName = Release;
		};
/* End XCConfigurationList section */

/* Begin XCRemoteSwiftPackageReference section */
		50D5AEEF2B759B4700A9827F /* XCRemoteSwiftPackageReference "Alamofire" */ = {
			isa = XCRemoteSwiftPackageReference;
			repositoryURL = "https://github.com/Alamofire/Alamofire.git";
			requirement = {
				kind = upToNextMajorVersion;
				minimumVersion = 5.8.1;
			};
		};
		50D5AEF22B759C0100A9827F /* XCRemoteSwiftPackageReference "SwiftyJSON" */ = {
			isa = XCRemoteSwiftPackageReference;
			repositoryURL = "https://github.com/SwiftyJSON/SwiftyJSON.git";
			requirement = {
				kind = upToNextMajorVersion;
				minimumVersion = 5.0.1;
			};
		};
/* End XCRemoteSwiftPackageReference section */

/* Begin XCSwiftPackageProductDependency section */
		50D5AEF02B759B4700A9827F /* Alamofire */ = {
			isa = XCSwiftPackageProductDependency;
			package = 50D5AEEF2B759B4700A9827F /* XCRemoteSwiftPackageReference "Alamofire" */;
			productName = Alamofire;
		};
		50D5AEF32B759C0100A9827F /* SwiftyJSON */ = {
			isa = XCSwiftPackageProductDependency;
			package = 50D5AEF22B759C0100A9827F /* XCRemoteSwiftPackageReference "SwiftyJSON" */;
			productName = SwiftyJSON;
		};
/* End XCSwiftPackageProductDependency section */
	};
	rootObject = 50D5AEBA2B75976000A9827F /* Project object */;
}
