// !$*UTF8*$!
{
	archiveVersion = 1;
	classes = {
	};
	objectVersion = 56;
	objects = {

/* Begin PBXBuildFile section */
		183A5B342A328E1F009DF62B /* AppDelegate.swift in Sources */ = {isa = PBXBuildFile; fileRef = 183A5B332A328E1F009DF62B /* AppDelegate.swift */; };
		183A5B362A328E1F009DF62B /* SceneDelegate.swift in Sources */ = {isa = PBXBuildFile; fileRef = 183A5B352A328E1F009DF62B /* SceneDelegate.swift */; };
		183A5B382A328E1F009DF62B /* ViewController.swift in Sources */ = {isa = PBXBuildFile; fileRef = 183A5B372A328E1F009DF62B /* ViewController.swift */; };
		183A5B3B2A328E1F009DF62B /* Main.storyboard in Resources */ = {isa = PBXBuildFile; fileRef = 183A5B392A328E1F009DF62B /* Main.storyboard */; };
		183A5B3D2A328E21009DF62B /* Assets.xcassets in Resources */ = {isa = PBXBuildFile; fileRef = 183A5B3C2A328E21009DF62B /* Assets.xcassets */; };
		183A5B402A328E21009DF62B /* LaunchScreen.storyboard in Resources */ = {isa = PBXBuildFile; fileRef = 183A5B3E2A328E21009DF62B /* LaunchScreen.storyboard */; };
		183A5B482A329574009DF62B /* AnotherScreenViewController.swift in Sources */ = {isa = PBXBuildFile; fileRef = 183A5B472A329574009DF62B /* AnotherScreenViewController.swift */; };
		183A5B4A2A32B5F4009DF62B /* FriendsListView.swift in Sources */ = {isa = PBXBuildFile; fileRef = 183A5B492A32B5F4009DF62B /* FriendsListView.swift */; };
		183A5B4C2A32B6A8009DF62B /* Screen3ViewController.swift in Sources */ = {isa = PBXBuildFile; fileRef = 183A5B4B2A32B6A8009DF62B /* Screen3ViewController.swift */; };
/* End PBXBuildFile section */

/* Begin PBXFileReference section */
		183A5B302A328E1F009DF62B /* Session09Demo.app */ = {isa = PBXFileReference; explicitFileType = wrapper.application; includeInIndex = 0; path = Session09Demo.app; sourceTree = BUILT_PRODUCTS_DIR; };
		183A5B332A328E1F009DF62B /* AppDelegate.swift */ = {isa = PBXFileReference; lastKnownFileType = sourcecode.swift; path = AppDelegate.swift; sourceTree = "<group>"; };
		183A5B352A328E1F009DF62B /* SceneDelegate.swift */ = {isa = PBXFileReference; lastKnownFileType = sourcecode.swift; path = SceneDelegate.swift; sourceTree = "<group>"; };
		183A5B372A328E1F009DF62B /* ViewController.swift */ = {isa = PBXFileReference; lastKnownFileType = sourcecode.swift; path = ViewController.swift; sourceTree = "<group>"; };
		183A5B3A2A328E1F009DF62B /* Base */ = {isa = PBXFileReference; lastKnownFileType = file.storyboard; name = Base; path = Base.lproj/Main.storyboard; sourceTree = "<group>"; };
		183A5B3C2A328E21009DF62B /* Assets.xcassets */ = {isa = PBXFileReference; lastKnownFileType = folder.assetcatalog; path = Assets.xcassets; sourceTree = "<group>"; };
		183A5B3F2A328E21009DF62B /* Base */ = {isa = PBXFileReference; lastKnownFileType = file.storyboard; name = Base; path = Base.lproj/LaunchScreen.storyboard; sourceTree = "<group>"; };
		183A5B412A328E21009DF62B /* Info.plist */ = {isa = PBXFileReference; lastKnownFileType = text.plist.xml; path = Info.plist; sourceTree = "<group>"; };
		183A5B472A329574009DF62B /* AnotherScreenViewController.swift */ = {isa = PBXFileReference; lastKnownFileType = sourcecode.swift; path = AnotherScreenViewController.swift; sourceTree = "<group>"; };
		183A5B492A32B5F4009DF62B /* FriendsListView.swift */ = {isa = PBXFileReference; lastKnownFileType = sourcecode.swift; path = FriendsListView.swift; sourceTree = "<group>"; };
		183A5B4B2A32B6A8009DF62B /* Screen3ViewController.swift */ = {isa = PBXFileReference; lastKnownFileType = sourcecode.swift; path = Screen3ViewController.swift; sourceTree = "<group>"; };
/* End PBXFileReference section */

/* Begin PBXFrameworksBuildPhase section */
		183A5B2D2A328E1F009DF62B /* Frameworks */ = {
			isa = PBXFrameworksBuildPhase;
			buildActionMask = 2147483647;
			files = (
			);
			runOnlyForDeploymentPostprocessing = 0;
		};
/* End PBXFrameworksBuildPhase section */

/* Begin PBXGroup section */
		183A5B272A328E1F009DF62B = {
			isa = PBXGroup;
			children = (
				183A5B322A328E1F009DF62B /* Session09Demo */,
				183A5B312A328E1F009DF62B /* Products */,
			);
			sourceTree = "<group>";
		};
		183A5B312A328E1F009DF62B /* Products */ = {
			isa = PBXGroup;
			children = (
				183A5B302A328E1F009DF62B /* Session09Demo.app */,
			);
			name = Products;
			sourceTree = "<group>";
		};
		183A5B322A328E1F009DF62B /* Session09Demo */ = {
			isa = PBXGroup;
			children = (
				183A5B332A328E1F009DF62B /* AppDelegate.swift */,
				183A5B352A328E1F009DF62B /* SceneDelegate.swift */,
				183A5B372A328E1F009DF62B /* ViewController.swift */,
				183A5B392A328E1F009DF62B /* Main.storyboard */,
				183A5B3C2A328E21009DF62B /* Assets.xcassets */,
				183A5B3E2A328E21009DF62B /* LaunchScreen.storyboard */,
				183A5B412A328E21009DF62B /* Info.plist */,
				183A5B472A329574009DF62B /* AnotherScreenViewController.swift */,
				183A5B492A32B5F4009DF62B /* FriendsListView.swift */,
				183A5B4B2A32B6A8009DF62B /* Screen3ViewController.swift */,
			);
			path = Session09Demo;
			sourceTree = "<group>";
		};
/* End PBXGroup section */

/* Begin PBXNativeTarget section */
		183A5B2F2A328E1F009DF62B /* Session09Demo */ = {
			isa = PBXNativeTarget;
			buildConfigurationList = 183A5B442A328E21009DF62B /* Build configuration list for PBXNativeTarget "Session09Demo" */;
			buildPhases = (
				183A5B2C2A328E1F009DF62B /* Sources */,
				183A5B2D2A328E1F009DF62B /* Frameworks */,
				183A5B2E2A328E1F009DF62B /* Resources */,
			);
			buildRules = (
			);
			dependencies = (
			);
			name = Session09Demo;
			productName = Session09Demo;
			productReference = 183A5B302A328E1F009DF62B /* Session09Demo.app */;
			productType = "com.apple.product-type.application";
		};
/* End PBXNativeTarget section */

/* Begin PBXProject section */
		183A5B282A328E1F009DF62B /* Project object */ = {
			isa = PBXProject;
			attributes = {
				BuildIndependentTargetsInParallel = 1;
				LastSwiftUpdateCheck = 1420;
				LastUpgradeCheck = 1420;
				TargetAttributes = {
					183A5B2F2A328E1F009DF62B = {
						CreatedOnToolsVersion = 14.2;
					};
				};
			};
			buildConfigurationList = 183A5B2B2A328E1F009DF62B /* Build configuration list for PBXProject "Session09Demo" */;
			compatibilityVersion = "Xcode 14.0";
			developmentRegion = en;
			hasScannedForEncodings = 0;
			knownRegions = (
				en,
				Base,
			);
			mainGroup = 183A5B272A328E1F009DF62B;
			productRefGroup = 183A5B312A328E1F009DF62B /* Products */;
			projectDirPath = "";
			projectRoot = "";
			targets = (
				183A5B2F2A328E1F009DF62B /* Session09Demo */,
			);
		};
/* End PBXProject section */

/* Begin PBXResourcesBuildPhase section */
		183A5B2E2A328E1F009DF62B /* Resources */ = {
			isa = PBXResourcesBuildPhase;
			buildActionMask = 2147483647;
			files = (
				183A5B402A328E21009DF62B /* LaunchScreen.storyboard in Resources */,
				183A5B3D2A328E21009DF62B /* Assets.xcassets in Resources */,
				183A5B3B2A328E1F009DF62B /* Main.storyboard in Resources */,
			);
			runOnlyForDeploymentPostprocessing = 0;
		};
/* End PBXResourcesBuildPhase section */

/* Begin PBXSourcesBuildPhase section */
		183A5B2C2A328E1F009DF62B /* Sources */ = {
			isa = PBXSourcesBuildPhase;
			buildActionMask = 2147483647;
			files = (
				183A5B4C2A32B6A8009DF62B /* Screen3ViewController.swift in Sources */,
				183A5B482A329574009DF62B /* AnotherScreenViewController.swift in Sources */,
				183A5B382A328E1F009DF62B /* ViewController.swift in Sources */,
				183A5B342A328E1F009DF62B /* AppDelegate.swift in Sources */,
				183A5B362A328E1F009DF62B /* SceneDelegate.swift in Sources */,
				183A5B4A2A32B5F4009DF62B /* FriendsListView.swift in Sources */,
			);
			runOnlyForDeploymentPostprocessing = 0;
		};
/* End PBXSourcesBuildPhase section */

/* Begin PBXVariantGroup section */
		183A5B392A328E1F009DF62B /* Main.storyboard */ = {
			isa = PBXVariantGroup;
			children = (
				183A5B3A2A328E1F009DF62B /* Base */,
			);
			name = Main.storyboard;
			sourceTree = "<group>";
		};
		183A5B3E2A328E21009DF62B /* LaunchScreen.storyboard */ = {
			isa = PBXVariantGroup;
			children = (
				183A5B3F2A328E21009DF62B /* Base */,
			);
			name = LaunchScreen.storyboard;
			sourceTree = "<group>";
		};
/* End PBXVariantGroup section */

/* Begin XCBuildConfiguration section */
		183A5B422A328E21009DF62B /* Debug */ = {
			isa = XCBuildConfiguration;
			buildSettings = {
				ALWAYS_SEARCH_USER_PATHS = NO;
				CLANG_ANALYZER_NONNULL = YES;
				CLANG_ANALYZER_NUMBER_OBJECT_CONVERSION = YES_AGGRESSIVE;
				CLANG_CXX_LANGUAGE_STANDARD = "gnu++20";
				CLANG_ENABLE_MODULES = YES;
				CLANG_ENABLE_OBJC_ARC = YES;
				CLANG_ENABLE_OBJC_WEAK = YES;
				CLANG_WARN_BLOCK_CAPTURE_AUTORELEASING = YES;
				CLANG_WARN_BOOL_CONVERSION = YES;
				CLANG_WARN_COMMA = YES;
				CLANG_WARN_CONSTANT_CONVERSION = YES;
				CLANG_WARN_DEPRECATED_OBJC_IMPLEMENTATIONS = YES;
				CLANG_WARN_DIRECT_OBJC_ISA_USAGE = YES_ERROR;
				CLANG_WARN_DOCUMENTATION_COMMENTS = YES;
				CLANG_WARN_EMPTY_BODY = YES;
				CLANG_WARN_ENUM_CONVERSION = YES;
				CLANG_WARN_INFINITE_RECURSION = YES;
				CLANG_WARN_INT_CONVERSION = YES;
				CLANG_WARN_NON_LITERAL_NULL_CONVERSION = YES;
				CLANG_WARN_OBJC_IMPLICIT_RETAIN_SELF = YES;
				CLANG_WARN_OBJC_LITERAL_CONVERSION = YES;
				CLANG_WARN_OBJC_ROOT_CLASS = YES_ERROR;
				CLANG_WARN_QUOTED_INCLUDE_IN_FRAMEWORK_HEADER = YES;
				CLANG_WARN_RANGE_LOOP_ANALYSIS = YES;
				CLANG_WARN_STRICT_PROTOTYPES = YES;
				CLANG_WARN_SUSPICIOUS_MOVE = YES;
				CLANG_WARN_UNGUARDED_AVAILABILITY = YES_AGGRESSIVE;
				CLANG_WARN_UNREACHABLE_CODE = YES;
				CLANG_WARN__DUPLICATE_METHOD_MATCH = YES;
				COPY_PHASE_STRIP = NO;
				DEBUG_INFORMATION_FORMAT = dwarf;
				ENABLE_STRICT_OBJC_MSGSEND = YES;
				ENABLE_TESTABILITY = YES;
				GCC_C_LANGUAGE_STANDARD = gnu11;
				GCC_DYNAMIC_NO_PIC = NO;
				GCC_NO_COMMON_BLOCKS = YES;
				GCC_OPTIMIZATION_LEVEL = 0;
				GCC_PREPROCESSOR_DEFINITIONS = (
					"DEBUG=1",
					"$(inherited)",
				);
				GCC_WARN_64_TO_32_BIT_CONVERSION = YES;
				GCC_WARN_ABOUT_RETURN_TYPE = YES_ERROR;
				GCC_WARN_UNDECLARED_SELECTOR = YES;
				GCC_WARN_UNINITIALIZED_AUTOS = YES_AGGRESSIVE;
				GCC_WARN_UNUSED_FUNCTION = YES;
				GCC_WARN_UNUSED_VARIABLE = YES;
				IPHONEOS_DEPLOYMENT_TARGET = 16.2;
				MTL_ENABLE_DEBUG_INFO = INCLUDE_SOURCE;
				MTL_FAST_MATH = YES;
				ONLY_ACTIVE_ARCH = YES;
				SDKROOT = iphoneos;
				SWIFT_ACTIVE_COMPILATION_CONDITIONS = DEBUG;
				SWIFT_OPTIMIZATION_LEVEL = "-Onone";
			};
			name = Debug;
		};
		183A5B432A328E21009DF62B /* Release */ = {
			isa = XCBuildConfiguration;
			buildSettings = {
				ALWAYS_SEARCH_USER_PATHS = NO;
				CLANG_ANALYZER_NONNULL = YES;
				CLANG_ANALYZER_NUMBER_OBJECT_CONVERSION = YES_AGGRESSIVE;
				CLANG_CXX_LANGUAGE_STANDARD = "gnu++20";
				CLANG_ENABLE_MODULES = YES;
				CLANG_ENABLE_OBJC_ARC = YES;
				CLANG_ENABLE_OBJC_WEAK = YES;
				CLANG_WARN_BLOCK_CAPTURE_AUTORELEASING = YES;
				CLANG_WARN_BOOL_CONVERSION = YES;
				CLANG_WARN_COMMA = YES;
				CLANG_WARN_CONSTANT_CONVERSION = YES;
				CLANG_WARN_DEPRECATED_OBJC_IMPLEMENTATIONS = YES;
				CLANG_WARN_DIRECT_OBJC_ISA_USAGE = YES_ERROR;
				CLANG_WARN_DOCUMENTATION_COMMENTS = YES;
				CLANG_WARN_EMPTY_BODY = YES;
				CLANG_WARN_ENUM_CONVERSION = YES;
				CLANG_WARN_INFINITE_RECURSION = YES;
				CLANG_WARN_INT_CONVERSION = YES;
				CLANG_WARN_NON_LITERAL_NULL_CONVERSION = YES;
				CLANG_WARN_OBJC_IMPLICIT_RETAIN_SELF = YES;
				CLANG_WARN_OBJC_LITERAL_CONVERSION = YES;
				CLANG_WARN_OBJC_ROOT_CLASS = YES_ERROR;
				CLANG_WARN_QUOTED_INCLUDE_IN_FRAMEWORK_HEADER = YES;
				CLANG_WARN_RANGE_LOOP_ANALYSIS = YES;
				CLANG_WARN_STRICT_PROTOTYPES = YES;
				CLANG_WARN_SUSPICIOUS_MOVE = YES;
				CLANG_WARN_UNGUARDED_AVAILABILITY = YES_AGGRESSIVE;
				CLANG_WARN_UNREACHABLE_CODE = YES;
				CLANG_WARN__DUPLICATE_METHOD_MATCH = YES;
				COPY_PHASE_STRIP = NO;
				DEBUG_INFORMATION_FORMAT = "dwarf-with-dsym";
				ENABLE_NS_ASSERTIONS = NO;
				ENABLE_STRICT_OBJC_MSGSEND = YES;
				GCC_C_LANGUAGE_STANDARD = gnu11;
				GCC_NO_COMMON_BLOCKS = YES;
				GCC_WARN_64_TO_32_BIT_CONVERSION = YES;
				GCC_WARN_ABOUT_RETURN_TYPE = YES_ERROR;
				GCC_WARN_UNDECLARED_SELECTOR = YES;
				GCC_WARN_UNINITIALIZED_AUTOS = YES_AGGRESSIVE;
				GCC_WARN_UNUSED_FUNCTION = YES;
				GCC_WARN_UNUSED_VARIABLE = YES;
				IPHONEOS_DEPLOYMENT_TARGET = 16.2;
				MTL_ENABLE_DEBUG_INFO = NO;
				MTL_FAST_MATH = YES;
				SDKROOT = iphoneos;
				SWIFT_COMPILATION_MODE = wholemodule;
				SWIFT_OPTIMIZATION_LEVEL = "-O";
				VALIDATE_PRODUCT = YES;
			};
			name = Release;
		};
		183A5B452A328E21009DF62B /* Debug */ = {
			isa = XCBuildConfiguration;
			buildSettings = {
				ASSETCATALOG_COMPILER_APPICON_NAME = AppIcon;
				ASSETCATALOG_COMPILER_GLOBAL_ACCENT_COLOR_NAME = AccentColor;
				CODE_SIGN_STYLE = Automatic;
				CURRENT_PROJECT_VERSION = 1;
				GENERATE_INFOPLIST_FILE = YES;
				INFOPLIST_FILE = Session09Demo/Info.plist;
				INFOPLIST_KEY_UIApplicationSupportsIndirectInputEvents = YES;
				INFOPLIST_KEY_UILaunchStoryboardName = LaunchScreen;
				INFOPLIST_KEY_UIMainStoryboardFile = Main;
				INFOPLIST_KEY_UISupportedInterfaceOrientations_iPad = "UIInterfaceOrientationPortrait UIInterfaceOrientationPortraitUpsideDown UIInterfaceOrientationLandscapeLeft UIInterfaceOrientationLandscapeRight";
				INFOPLIST_KEY_UISupportedInterfaceOrientations_iPhone = "UIInterfaceOrientationPortrait UIInterfaceOrientationLandscapeLeft UIInterfaceOrientationLandscapeRight";
				LD_RUNPATH_SEARCH_PATHS = (
					"$(inherited)",
					"@executable_path/Frameworks",
				);
				MARKETING_VERSION = 1.0;
				PRODUCT_BUNDLE_IDENTIFIER = com.Session09Demo;
				PRODUCT_NAME = "$(TARGET_NAME)";
				SWIFT_EMIT_LOC_STRINGS = YES;
				SWIFT_VERSION = 5.0;
				TARGETED_DEVICE_FAMILY = "1,2";
			};
			name = Debug;
		};
		183A5B462A328E21009DF62B /* Release */ = {
			isa = XCBuildConfiguration;
			buildSettings = {
				ASSETCATALOG_COMPILER_APPICON_NAME = AppIcon;
				ASSETCATALOG_COMPILER_GLOBAL_ACCENT_COLOR_NAME = AccentColor;
				CODE_SIGN_STYLE = Automatic;
				CURRENT_PROJECT_VERSION = 1;
				GENERATE_INFOPLIST_FILE = YES;
				INFOPLIST_FILE = Session09Demo/Info.plist;
				INFOPLIST_KEY_UIApplicationSupportsIndirectInputEvents = YES;
				INFOPLIST_KEY_UILaunchStoryboardName = LaunchScreen;
				INFOPLIST_KEY_UIMainStoryboardFile = Main;
				INFOPLIST_KEY_UISupportedInterfaceOrientations_iPad = "UIInterfaceOrientationPortrait UIInterfaceOrientationPortraitUpsideDown UIInterfaceOrientationLandscapeLeft UIInterfaceOrientationLandscapeRight";
				INFOPLIST_KEY_UISupportedInterfaceOrientations_iPhone = "UIInterfaceOrientationPortrait UIInterfaceOrientationLandscapeLeft UIInterfaceOrientationLandscapeRight";
				LD_RUNPATH_SEARCH_PATHS = (
					"$(inherited)",
					"@executable_path/Frameworks",
				);
				MARKETING_VERSION = 1.0;
				PRODUCT_BUNDLE_IDENTIFIER = com.Session09Demo;
				PRODUCT_NAME = "$(TARGET_NAME)";
				SWIFT_EMIT_LOC_STRINGS = YES;
				SWIFT_VERSION = 5.0;
				TARGETED_DEVICE_FAMILY = "1,2";
			};
			name = Release;
		};
/* End XCBuildConfiguration section */

/* Begin XCConfigurationList section */
		183A5B2B2A328E1F009DF62B /* Build configuration list for PBXProject "Session09Demo" */ = {
			isa = XCConfigurationList;
			buildConfigurations = (
				183A5B422A328E21009DF62B /* Debug */,
				183A5B432A328E21009DF62B /* Release */,
			);
			defaultConfigurationIsVisible = 0;
			defaultConfigurationName = Release;
		};
		183A5B442A328E21009DF62B /* Build configuration list for PBXNativeTarget "Session09Demo" */ = {
			isa = XCConfigurationList;
			buildConfigurations = (
				183A5B452A328E21009DF62B /* Debug */,
				183A5B462A328E21009DF62B /* Release */,
			);
			defaultConfigurationIsVisible = 0;
			defaultConfigurationName = Release;
		};
/* End XCConfigurationList section */
	};
	rootObject = 183A5B282A328E1F009DF62B /* Project object */;
}
