// !$*UTF8*$!
{
	archiveVersion = 1;
	classes = {
	};
	objectVersion = 56;
	objects = {

/* Begin PBXBuildFile section */
		18F6C2EF2B744503002AC600 /* MultiscreenDemoApp.swift in Sources */ = {isa = PBXBuildFile; fileRef = 18F6C2EE2B744503002AC600 /* MultiscreenDemoApp.swift */; };
		18F6C2F12B744503002AC600 /* ContentView.swift in Sources */ = {isa = PBXBuildFile; fileRef = 18F6C2F02B744503002AC600 /* ContentView.swift */; };
		18F6C2F32B744504002AC600 /* Assets.xcassets in Resources */ = {isa = PBXBuildFile; fileRef = 18F6C2F22B744504002AC600 /* Assets.xcassets */; };
		18F6C2F62B744504002AC600 /* Preview Assets.xcassets in Resources */ = {isa = PBXBuildFile; fileRef = 18F6C2F52B744504002AC600 /* Preview Assets.xcassets */; };
		18F6C2FD2B744559002AC600 /* FirstView.swift in Sources */ = {isa = PBXBuildFile; fileRef = 18F6C2FC2B744559002AC600 /* FirstView.swift */; };
		18F6C2FF2B744563002AC600 /* SecondView.swift in Sources */ = {isa = PBXBuildFile; fileRef = 18F6C2FE2B744563002AC600 /* SecondView.swift */; };
		18F6C3012B744A39002AC600 /* HomeScreen.swift in Sources */ = {isa = PBXBuildFile; fileRef = 18F6C3002B744A39002AC600 /* HomeScreen.swift */; };
		18F6C3032B7452AA002AC600 /* SunflowerView.swift in Sources */ = {isa = PBXBuildFile; fileRef = 18F6C3022B7452AA002AC600 /* SunflowerView.swift */; };
		18F6C3052B7452DB002AC600 /* StephenView.swift in Sources */ = {isa = PBXBuildFile; fileRef = 18F6C3042B7452DB002AC600 /* StephenView.swift */; };
		18F6C3072B745310002AC600 /* TajView.swift in Sources */ = {isa = PBXBuildFile; fileRef = 18F6C3062B745310002AC600 /* TajView.swift */; };
		18F6C3092B745434002AC600 /* SweetView.swift in Sources */ = {isa = PBXBuildFile; fileRef = 18F6C3082B745434002AC600 /* SweetView.swift */; };
		18F6C30B2B745E1F002AC600 /* User.swift in Sources */ = {isa = PBXBuildFile; fileRef = 18F6C30A2B745E1F002AC600 /* User.swift */; };
/* End PBXBuildFile section */

/* Begin PBXFileReference section */
		18F6C2EB2B744503002AC600 /* MultiscreenDemo.app */ = {isa = PBXFileReference; explicitFileType = wrapper.application; includeInIndex = 0; path = MultiscreenDemo.app; sourceTree = BUILT_PRODUCTS_DIR; };
		18F6C2EE2B744503002AC600 /* MultiscreenDemoApp.swift */ = {isa = PBXFileReference; lastKnownFileType = sourcecode.swift; path = MultiscreenDemoApp.swift; sourceTree = "<group>"; };
		18F6C2F02B744503002AC600 /* ContentView.swift */ = {isa = PBXFileReference; lastKnownFileType = sourcecode.swift; path = ContentView.swift; sourceTree = "<group>"; };
		18F6C2F22B744504002AC600 /* Assets.xcassets */ = {isa = PBXFileReference; lastKnownFileType = folder.assetcatalog; path = Assets.xcassets; sourceTree = "<group>"; };
		18F6C2F52B744504002AC600 /* Preview Assets.xcassets */ = {isa = PBXFileReference; lastKnownFileType = folder.assetcatalog; path = "Preview Assets.xcassets"; sourceTree = "<group>"; };
		18F6C2FC2B744559002AC600 /* FirstView.swift */ = {isa = PBXFileReference; lastKnownFileType = sourcecode.swift; path = FirstView.swift; sourceTree = "<group>"; };
		18F6C2FE2B744563002AC600 /* SecondView.swift */ = {isa = PBXFileReference; lastKnownFileType = sourcecode.swift; path = SecondView.swift; sourceTree = "<group>"; };
		18F6C3002B744A39002AC600 /* HomeScreen.swift */ = {isa = PBXFileReference; lastKnownFileType = sourcecode.swift; path = HomeScreen.swift; sourceTree = "<group>"; };
		18F6C3022B7452AA002AC600 /* SunflowerView.swift */ = {isa = PBXFileReference; lastKnownFileType = sourcecode.swift; path = SunflowerView.swift; sourceTree = "<group>"; };
		18F6C3042B7452DB002AC600 /* StephenView.swift */ = {isa = PBXFileReference; lastKnownFileType = sourcecode.swift; path = StephenView.swift; sourceTree = "<group>"; };
		18F6C3062B745310002AC600 /* TajView.swift */ = {isa = PBXFileReference; lastKnownFileType = sourcecode.swift; path = TajView.swift; sourceTree = "<group>"; };
		18F6C3082B745434002AC600 /* SweetView.swift */ = {isa = PBXFileReference; lastKnownFileType = sourcecode.swift; path = SweetView.swift; sourceTree = "<group>"; };
		18F6C30A2B745E1F002AC600 /* User.swift */ = {isa = PBXFileReference; lastKnownFileType = sourcecode.swift; path = User.swift; sourceTree = "<group>"; };
/* End PBXFileReference section */

/* Begin PBXFrameworksBuildPhase section */
		18F6C2E82B744503002AC600 /* Frameworks */ = {
			isa = PBXFrameworksBuildPhase;
			buildActionMask = 2147483647;
			files = (
			);
			runOnlyForDeploymentPostprocessing = 0;
		};
/* End PBXFrameworksBuildPhase section */

/* Begin PBXGroup section */
		18F6C2E22B744503002AC600 = {
			isa = PBXGroup;
			children = (
				18F6C2ED2B744503002AC600 /* MultiscreenDemo */,
				18F6C2EC2B744503002AC600 /* Products */,
			);
			sourceTree = "<group>";
		};
		18F6C2EC2B744503002AC600 /* Products */ = {
			isa = PBXGroup;
			children = (
				18F6C2EB2B744503002AC600 /* MultiscreenDemo.app */,
			);
			name = Products;
			sourceTree = "<group>";
		};
		18F6C2ED2B744503002AC600 /* MultiscreenDemo */ = {
			isa = PBXGroup;
			children = (
				18F6C2EE2B744503002AC600 /* MultiscreenDemoApp.swift */,
				18F6C2F02B744503002AC600 /* ContentView.swift */,
				18F6C2F22B744504002AC600 /* Assets.xcassets */,
				18F6C2F42B744504002AC600 /* Preview Content */,
				18F6C2FC2B744559002AC600 /* FirstView.swift */,
				18F6C2FE2B744563002AC600 /* SecondView.swift */,
				18F6C3002B744A39002AC600 /* HomeScreen.swift */,
				18F6C3022B7452AA002AC600 /* SunflowerView.swift */,
				18F6C3042B7452DB002AC600 /* StephenView.swift */,
				18F6C3062B745310002AC600 /* TajView.swift */,
				18F6C3082B745434002AC600 /* SweetView.swift */,
				18F6C30A2B745E1F002AC600 /* User.swift */,
			);
			path = MultiscreenDemo;
			sourceTree = "<group>";
		};
		18F6C2F42B744504002AC600 /* Preview Content */ = {
			isa = PBXGroup;
			children = (
				18F6C2F52B744504002AC600 /* Preview Assets.xcassets */,
			);
			path = "Preview Content";
			sourceTree = "<group>";
		};
/* End PBXGroup section */

/* Begin PBXNativeTarget section */
		18F6C2EA2B744503002AC600 /* MultiscreenDemo */ = {
			isa = PBXNativeTarget;
			buildConfigurationList = 18F6C2F92B744504002AC600 /* Build configuration list for PBXNativeTarget "MultiscreenDemo" */;
			buildPhases = (
				18F6C2E72B744503002AC600 /* Sources */,
				18F6C2E82B744503002AC600 /* Frameworks */,
				18F6C2E92B744503002AC600 /* Resources */,
			);
			buildRules = (
			);
			dependencies = (
			);
			name = MultiscreenDemo;
			productName = MultiscreenDemo;
			productReference = 18F6C2EB2B744503002AC600 /* MultiscreenDemo.app */;
			productType = "com.apple.product-type.application";
		};
/* End PBXNativeTarget section */

/* Begin PBXProject section */
		18F6C2E32B744503002AC600 /* Project object */ = {
			isa = PBXProject;
			attributes = {
				BuildIndependentTargetsInParallel = 1;
				LastSwiftUpdateCheck = 1420;
				LastUpgradeCheck = 1420;
				TargetAttributes = {
					18F6C2EA2B744503002AC600 = {
						CreatedOnToolsVersion = 14.2;
					};
				};
			};
			buildConfigurationList = 18F6C2E62B744503002AC600 /* Build configuration list for PBXProject "MultiscreenDemo" */;
			compatibilityVersion = "Xcode 14.0";
			developmentRegion = en;
			hasScannedForEncodings = 0;
			knownRegions = (
				en,
				Base,
			);
			mainGroup = 18F6C2E22B744503002AC600;
			productRefGroup = 18F6C2EC2B744503002AC600 /* Products */;
			projectDirPath = "";
			projectRoot = "";
			targets = (
				18F6C2EA2B744503002AC600 /* MultiscreenDemo */,
			);
		};
/* End PBXProject section */

/* Begin PBXResourcesBuildPhase section */
		18F6C2E92B744503002AC600 /* Resources */ = {
			isa = PBXResourcesBuildPhase;
			buildActionMask = 2147483647;
			files = (
				18F6C2F62B744504002AC600 /* Preview Assets.xcassets in Resources */,
				18F6C2F32B744504002AC600 /* Assets.xcassets in Resources */,
			);
			runOnlyForDeploymentPostprocessing = 0;
		};
/* End PBXResourcesBuildPhase section */

/* Begin PBXSourcesBuildPhase section */
		18F6C2E72B744503002AC600 /* Sources */ = {
			isa = PBXSourcesBuildPhase;
			buildActionMask = 2147483647;
			files = (
				18F6C2F12B744503002AC600 /* ContentView.swift in Sources */,
				18F6C3012B744A39002AC600 /* HomeScreen.swift in Sources */,
				18F6C3072B745310002AC600 /* TajView.swift in Sources */,
				18F6C3052B7452DB002AC600 /* StephenView.swift in Sources */,
				18F6C2FD2B744559002AC600 /* FirstView.swift in Sources */,
				18F6C2FF2B744563002AC600 /* SecondView.swift in Sources */,
				18F6C3032B7452AA002AC600 /* SunflowerView.swift in Sources */,
				18F6C3092B745434002AC600 /* SweetView.swift in Sources */,
				18F6C30B2B745E1F002AC600 /* User.swift in Sources */,
				18F6C2EF2B744503002AC600 /* MultiscreenDemoApp.swift in Sources */,
			);
			runOnlyForDeploymentPostprocessing = 0;
		};
/* End PBXSourcesBuildPhase section */

/* Begin XCBuildConfiguration section */
		18F6C2F72B744504002AC600 /* Debug */ = {
			isa = XCBuildConfiguration;
			buildSettings = {
				ALWAYS_SEARCH_USER_PATHS = NO;
				CLANG_ANALYZER_NONNULL = YES;
				CLANG_ANALYZER_NUMBER_OBJECT_CONVERSION = YES_AGGRESSIVE;
				CLANG_CXX_LANGUAGE_STANDARD = "gnu++20";
				CLANG_ENABLE_MODULES = YES;
				CLANG_ENABLE_OBJC_ARC = YES;
				CLANG_ENABLE_OBJC_WEAK = YES;
				CLANG_WARN_BLOCK_CAPTURE_AUTORELEASING = YES;
				CLANG_WARN_BOOL_CONVERSION = YES;
				CLANG_WARN_COMMA = YES;
				CLANG_WARN_CONSTANT_CONVERSION = YES;
				CLANG_WARN_DEPRECATED_OBJC_IMPLEMENTATIONS = YES;
				CLANG_WARN_DIRECT_OBJC_ISA_USAGE = YES_ERROR;
				CLANG_WARN_DOCUMENTATION_COMMENTS = YES;
				CLANG_WARN_EMPTY_BODY = YES;
				CLANG_WARN_ENUM_CONVERSION = YES;
				CLANG_WARN_INFINITE_RECURSION = YES;
				CLANG_WARN_INT_CONVERSION = YES;
				CLANG_WARN_NON_LITERAL_NULL_CONVERSION = YES;
				CLANG_WARN_OBJC_IMPLICIT_RETAIN_SELF = YES;
				CLANG_WARN_OBJC_LITERAL_CONVERSION = YES;
				CLANG_WARN_OBJC_ROOT_CLASS = YES_ERROR;
				CLANG_WARN_QUOTED_INCLUDE_IN_FRAMEWORK_HEADER = YES;
				CLANG_WARN_RANGE_LOOP_ANALYSIS = YES;
				CLANG_WARN_STRICT_PROTOTYPES = YES;
				CLANG_WARN_SUSPICIOUS_MOVE = YES;
				CLANG_WARN_UNGUARDED_AVAILABILITY = YES_AGGRESSIVE;
				CLANG_WARN_UNREACHABLE_CODE = YES;
				CLANG_WARN__DUPLICATE_METHOD_MATCH = YES;
				COPY_PHASE_STRIP = NO;
				DEBUG_INFORMATION_FORMAT = dwarf;
				ENABLE_STRICT_OBJC_MSGSEND = YES;
				ENABLE_TESTABILITY = YES;
				GCC_C_LANGUAGE_STANDARD = gnu11;
				GCC_DYNAMIC_NO_PIC = NO;
				GCC_NO_COMMON_BLOCKS = YES;
				GCC_OPTIMIZATION_LEVEL = 0;
				GCC_PREPROCESSOR_DEFINITIONS = (
					"DEBUG=1",
					"$(inherited)",
				);
				GCC_WARN_64_TO_32_BIT_CONVERSION = YES;
				GCC_WARN_ABOUT_RETURN_TYPE = YES_ERROR;
				GCC_WARN_UNDECLARED_SELECTOR = YES;
				GCC_WARN_UNINITIALIZED_AUTOS = YES_AGGRESSIVE;
				GCC_WARN_UNUSED_FUNCTION = YES;
				GCC_WARN_UNUSED_VARIABLE = YES;
				IPHONEOS_DEPLOYMENT_TARGET = 16.2;
				MTL_ENABLE_DEBUG_INFO = INCLUDE_SOURCE;
				MTL_FAST_MATH = YES;
				ONLY_ACTIVE_ARCH = YES;
				SDKROOT = iphoneos;
				SWIFT_ACTIVE_COMPILATION_CONDITIONS = DEBUG;
				SWIFT_OPTIMIZATION_LEVEL = "-Onone";
			};
			name = Debug;
		};
		18F6C2F82B744504002AC600 /* Release */ = {
			isa = XCBuildConfiguration;
			buildSettings = {
				ALWAYS_SEARCH_USER_PATHS = NO;
				CLANG_ANALYZER_NONNULL = YES;
				CLANG_ANALYZER_NUMBER_OBJECT_CONVERSION = YES_AGGRESSIVE;
				CLANG_CXX_LANGUAGE_STANDARD = "gnu++20";
				CLANG_ENABLE_MODULES = YES;
				CLANG_ENABLE_OBJC_ARC = YES;
				CLANG_ENABLE_OBJC_WEAK = YES;
				CLANG_WARN_BLOCK_CAPTURE_AUTORELEASING = YES;
				CLANG_WARN_BOOL_CONVERSION = YES;
				CLANG_WARN_COMMA = YES;
				CLANG_WARN_CONSTANT_CONVERSION = YES;
				CLANG_WARN_DEPRECATED_OBJC_IMPLEMENTATIONS = YES;
				CLANG_WARN_DIRECT_OBJC_ISA_USAGE = YES_ERROR;
				CLANG_WARN_DOCUMENTATION_COMMENTS = YES;
				CLANG_WARN_EMPTY_BODY = YES;
				CLANG_WARN_ENUM_CONVERSION = YES;
				CLANG_WARN_INFINITE_RECURSION = YES;
				CLANG_WARN_INT_CONVERSION = YES;
				CLANG_WARN_NON_LITERAL_NULL_CONVERSION = YES;
				CLANG_WARN_OBJC_IMPLICIT_RETAIN_SELF = YES;
				CLANG_WARN_OBJC_LITERAL_CONVERSION = YES;
				CLANG_WARN_OBJC_ROOT_CLASS = YES_ERROR;
				CLANG_WARN_QUOTED_INCLUDE_IN_FRAMEWORK_HEADER = YES;
				CLANG_WARN_RANGE_LOOP_ANALYSIS = YES;
				CLANG_WARN_STRICT_PROTOTYPES = YES;
				CLANG_WARN_SUSPICIOUS_MOVE = YES;
				CLANG_WARN_UNGUARDED_AVAILABILITY = YES_AGGRESSIVE;
				CLANG_WARN_UNREACHABLE_CODE = YES;
				CLANG_WARN__DUPLICATE_METHOD_MATCH = YES;
				COPY_PHASE_STRIP = NO;
				DEBUG_INFORMATION_FORMAT = "dwarf-with-dsym";
				ENABLE_NS_ASSERTIONS = NO;
				ENABLE_STRICT_OBJC_MSGSEND = YES;
				GCC_C_LANGUAGE_STANDARD = gnu11;
				GCC_NO_COMMON_BLOCKS = YES;
				GCC_WARN_64_TO_32_BIT_CONVERSION = YES;
				GCC_WARN_ABOUT_RETURN_TYPE = YES_ERROR;
				GCC_WARN_UNDECLARED_SELECTOR = YES;
				GCC_WARN_UNINITIALIZED_AUTOS = YES_AGGRESSIVE;
				GCC_WARN_UNUSED_FUNCTION = YES;
				GCC_WARN_UNUSED_VARIABLE = YES;
				IPHONEOS_DEPLOYMENT_TARGET = 16.2;
				MTL_ENABLE_DEBUG_INFO = NO;
				MTL_FAST_MATH = YES;
				SDKROOT = iphoneos;
				SWIFT_COMPILATION_MODE = wholemodule;
				SWIFT_OPTIMIZATION_LEVEL = "-O";
				VALIDATE_PRODUCT = YES;
			};
			name = Release;
		};
		18F6C2FA2B744504002AC600 /* Debug */ = {
			isa = XCBuildConfiguration;
			buildSettings = {
				ASSETCATALOG_COMPILER_APPICON_NAME = AppIcon;
				ASSETCATALOG_COMPILER_GLOBAL_ACCENT_COLOR_NAME = AccentColor;
				CODE_SIGN_STYLE = Automatic;
				CURRENT_PROJECT_VERSION = 1;
				DEVELOPMENT_ASSET_PATHS = "\"MultiscreenDemo/Preview Content\"";
				ENABLE_PREVIEWS = YES;
				GENERATE_INFOPLIST_FILE = YES;
				INFOPLIST_KEY_UIApplicationSceneManifest_Generation = YES;
				INFOPLIST_KEY_UIApplicationSupportsIndirectInputEvents = YES;
				INFOPLIST_KEY_UILaunchScreen_Generation = YES;
				INFOPLIST_KEY_UISupportedInterfaceOrientations_iPad = "UIInterfaceOrientationPortrait UIInterfaceOrientationPortraitUpsideDown UIInterfaceOrientationLandscapeLeft UIInterfaceOrientationLandscapeRight";
				INFOPLIST_KEY_UISupportedInterfaceOrientations_iPhone = "UIInterfaceOrientationPortrait UIInterfaceOrientationLandscapeLeft UIInterfaceOrientationLandscapeRight";
				LD_RUNPATH_SEARCH_PATHS = (
					"$(inherited)",
					"@executable_path/Frameworks",
				);
				MARKETING_VERSION = 1.0;
				PRODUCT_BUNDLE_IDENTIFIER = gbc.MultiscreenDemo;
				PRODUCT_NAME = "$(TARGET_NAME)";
				SWIFT_EMIT_LOC_STRINGS = YES;
				SWIFT_VERSION = 5.0;
				TARGETED_DEVICE_FAMILY = "1,2";
			};
			name = Debug;
		};
		18F6C2FB2B744504002AC600 /* Release */ = {
			isa = XCBuildConfiguration;
			buildSettings = {
				ASSETCATALOG_COMPILER_APPICON_NAME = AppIcon;
				ASSETCATALOG_COMPILER_GLOBAL_ACCENT_COLOR_NAME = AccentColor;
				CODE_SIGN_STYLE = Automatic;
				CURRENT_PROJECT_VERSION = 1;
				DEVELOPMENT_ASSET_PATHS = "\"MultiscreenDemo/Preview Content\"";
				ENABLE_PREVIEWS = YES;
				GENERATE_INFOPLIST_FILE = YES;
				INFOPLIST_KEY_UIApplicationSceneManifest_Generation = YES;
				INFOPLIST_KEY_UIApplicationSupportsIndirectInputEvents = YES;
				INFOPLIST_KEY_UILaunchScreen_Generation = YES;
				INFOPLIST_KEY_UISupportedInterfaceOrientations_iPad = "UIInterfaceOrientationPortrait UIInterfaceOrientationPortraitUpsideDown UIInterfaceOrientationLandscapeLeft UIInterfaceOrientationLandscapeRight";
				INFOPLIST_KEY_UISupportedInterfaceOrientations_iPhone = "UIInterfaceOrientationPortrait UIInterfaceOrientationLandscapeLeft UIInterfaceOrientationLandscapeRight";
				LD_RUNPATH_SEARCH_PATHS = (
					"$(inherited)",
					"@executable_path/Frameworks",
				);
				MARKETING_VERSION = 1.0;
				PRODUCT_BUNDLE_IDENTIFIER = gbc.MultiscreenDemo;
				PRODUCT_NAME = "$(TARGET_NAME)";
				SWIFT_EMIT_LOC_STRINGS = YES;
				SWIFT_VERSION = 5.0;
				TARGETED_DEVICE_FAMILY = "1,2";
			};
			name = Release;
		};
/* End XCBuildConfiguration section */

/* Begin XCConfigurationList section */
		18F6C2E62B744503002AC600 /* Build configuration list for PBXProject "MultiscreenDemo" */ = {
			isa = XCConfigurationList;
			buildConfigurations = (
				18F6C2F72B744504002AC600 /* Debug */,
				18F6C2F82B744504002AC600 /* Release */,
			);
			defaultConfigurationIsVisible = 0;
			defaultConfigurationName = Release;
		};
		18F6C2F92B744504002AC600 /* Build configuration list for PBXNativeTarget "MultiscreenDemo" */ = {
			isa = XCConfigurationList;
			buildConfigurations = (
				18F6C2FA2B744504002AC600 /* Debug */,
				18F6C2FB2B744504002AC600 /* Release */,
			);
			defaultConfigurationIsVisible = 0;
			defaultConfigurationName = Release;
		};
/* End XCConfigurationList section */
	};
	rootObject = 18F6C2E32B744503002AC600 /* Project object */;
}
