// !$*UTF8*$!
{
	archiveVersion = 1;
	classes = {
	};
	objectVersion = 56;
	objects = {

/* Begin PBXBuildFile section */
		50871C762B6C650700EA2C85 /* MultiPlatformDemoApp.swift in Sources */ = {isa = PBXBuildFile; fileRef = 50871C752B6C650700EA2C85 /* MultiPlatformDemoApp.swift */; };
		50871C782B6C650700EA2C85 /* ContentView.swift in Sources */ = {isa = PBXBuildFile; fileRef = 50871C772B6C650700EA2C85 /* ContentView.swift */; };
		50871C7A2B6C650800EA2C85 /* Assets.xcassets in Resources */ = {isa = PBXBuildFile; fileRef = 50871C792B6C650800EA2C85 /* Assets.xcassets */; };
		50871C7E2B6C650800EA2C85 /* Preview Assets.xcassets in Resources */ = {isa = PBXBuildFile; fileRef = 50871C7D2B6C650800EA2C85 /* Preview Assets.xcassets */; };
		50871C882B6C650900EA2C85 /* MultiPlatformDemoTests.swift in Sources */ = {isa = PBXBuildFile; fileRef = 50871C872B6C650900EA2C85 /* MultiPlatformDemoTests.swift */; };
		50871C922B6C650900EA2C85 /* MultiPlatformDemoUITests.swift in Sources */ = {isa = PBXBuildFile; fileRef = 50871C912B6C650900EA2C85 /* MultiPlatformDemoUITests.swift */; };
		50871C942B6C650900EA2C85 /* MultiPlatformDemoUITestsLaunchTests.swift in Sources */ = {isa = PBXBuildFile; fileRef = 50871C932B6C650900EA2C85 /* MultiPlatformDemoUITestsLaunchTests.swift */; };
/* End PBXBuildFile section */

/* Begin PBXContainerItemProxy section */
		50871C842B6C650900EA2C85 /* PBXContainerItemProxy */ = {
			isa = PBXContainerItemProxy;
			containerPortal = 50871C6A2B6C650700EA2C85 /* Project object */;
			proxyType = 1;
			remoteGlobalIDString = 50871C712B6C650700EA2C85;
			remoteInfo = MultiPlatformDemo;
		};
		50871C8E2B6C650900EA2C85 /* PBXContainerItemProxy */ = {
			isa = PBXContainerItemProxy;
			containerPortal = 50871C6A2B6C650700EA2C85 /* Project object */;
			proxyType = 1;
			remoteGlobalIDString = 50871C712B6C650700EA2C85;
			remoteInfo = MultiPlatformDemo;
		};
/* End PBXContainerItemProxy section */

/* Begin PBXFileReference section */
		50871C722B6C650700EA2C85 /* MultiPlatformDemo.app */ = {isa = PBXFileReference; explicitFileType = wrapper.application; includeInIndex = 0; path = MultiPlatformDemo.app; sourceTree = BUILT_PRODUCTS_DIR; };
		50871C752B6C650700EA2C85 /* MultiPlatformDemoApp.swift */ = {isa = PBXFileReference; lastKnownFileType = sourcecode.swift; path = MultiPlatformDemoApp.swift; sourceTree = "<group>"; };
		50871C772B6C650700EA2C85 /* ContentView.swift */ = {isa = PBXFileReference; lastKnownFileType = sourcecode.swift; path = ContentView.swift; sourceTree = "<group>"; };
		50871C792B6C650800EA2C85 /* Assets.xcassets */ = {isa = PBXFileReference; lastKnownFileType = folder.assetcatalog; path = Assets.xcassets; sourceTree = "<group>"; };
		50871C7B2B6C650800EA2C85 /* MultiPlatformDemo.entitlements */ = {isa = PBXFileReference; lastKnownFileType = text.plist.entitlements; path = MultiPlatformDemo.entitlements; sourceTree = "<group>"; };
		50871C7D2B6C650800EA2C85 /* Preview Assets.xcassets */ = {isa = PBXFileReference; lastKnownFileType = folder.assetcatalog; path = "Preview Assets.xcassets"; sourceTree = "<group>"; };
		50871C832B6C650900EA2C85 /* MultiPlatformDemoTests.xctest */ = {isa = PBXFileReference; explicitFileType = wrapper.cfbundle; includeInIndex = 0; path = MultiPlatformDemoTests.xctest; sourceTree = BUILT_PRODUCTS_DIR; };
		50871C872B6C650900EA2C85 /* MultiPlatformDemoTests.swift */ = {isa = PBXFileReference; lastKnownFileType = sourcecode.swift; path = MultiPlatformDemoTests.swift; sourceTree = "<group>"; };
		50871C8D2B6C650900EA2C85 /* MultiPlatformDemoUITests.xctest */ = {isa = PBXFileReference; explicitFileType = wrapper.cfbundle; includeInIndex = 0; path = MultiPlatformDemoUITests.xctest; sourceTree = BUILT_PRODUCTS_DIR; };
		50871C912B6C650900EA2C85 /* MultiPlatformDemoUITests.swift */ = {isa = PBXFileReference; lastKnownFileType = sourcecode.swift; path = MultiPlatformDemoUITests.swift; sourceTree = "<group>"; };
		50871C932B6C650900EA2C85 /* MultiPlatformDemoUITestsLaunchTests.swift */ = {isa = PBXFileReference; lastKnownFileType = sourcecode.swift; path = MultiPlatformDemoUITestsLaunchTests.swift; sourceTree = "<group>"; };
/* End PBXFileReference section */

/* Begin PBXFrameworksBuildPhase section */
		50871C6F2B6C650700EA2C85 /* Frameworks */ = {
			isa = PBXFrameworksBuildPhase;
			buildActionMask = 2147483647;
			files = (
			);
			runOnlyForDeploymentPostprocessing = 0;
		};
		50871C802B6C650900EA2C85 /* Frameworks */ = {
			isa = PBXFrameworksBuildPhase;
			buildActionMask = 2147483647;
			files = (
			);
			runOnlyForDeploymentPostprocessing = 0;
		};
		50871C8A2B6C650900EA2C85 /* Frameworks */ = {
			isa = PBXFrameworksBuildPhase;
			buildActionMask = 2147483647;
			files = (
			);
			runOnlyForDeploymentPostprocessing = 0;
		};
/* End PBXFrameworksBuildPhase section */

/* Begin PBXGroup section */
		50871C692B6C650700EA2C85 = {
			isa = PBXGroup;
			children = (
				50871C742B6C650700EA2C85 /* MultiPlatformDemo */,
				50871C862B6C650900EA2C85 /* MultiPlatformDemoTests */,
				50871C902B6C650900EA2C85 /* MultiPlatformDemoUITests */,
				50871C732B6C650700EA2C85 /* Products */,
			);
			sourceTree = "<group>";
		};
		50871C732B6C650700EA2C85 /* Products */ = {
			isa = PBXGroup;
			children = (
				50871C722B6C650700EA2C85 /* MultiPlatformDemo.app */,
				50871C832B6C650900EA2C85 /* MultiPlatformDemoTests.xctest */,
				50871C8D2B6C650900EA2C85 /* MultiPlatformDemoUITests.xctest */,
			);
			name = Products;
			sourceTree = "<group>";
		};
		50871C742B6C650700EA2C85 /* MultiPlatformDemo */ = {
			isa = PBXGroup;
			children = (
				50871C752B6C650700EA2C85 /* MultiPlatformDemoApp.swift */,
				50871C772B6C650700EA2C85 /* ContentView.swift */,
				50871C792B6C650800EA2C85 /* Assets.xcassets */,
				50871C7B2B6C650800EA2C85 /* MultiPlatformDemo.entitlements */,
				50871C7C2B6C650800EA2C85 /* Preview Content */,
			);
			path = MultiPlatformDemo;
			sourceTree = "<group>";
		};
		50871C7C2B6C650800EA2C85 /* Preview Content */ = {
			isa = PBXGroup;
			children = (
				50871C7D2B6C650800EA2C85 /* Preview Assets.xcassets */,
			);
			path = "Preview Content";
			sourceTree = "<group>";
		};
		50871C862B6C650900EA2C85 /* MultiPlatformDemoTests */ = {
			isa = PBXGroup;
			children = (
				50871C872B6C650900EA2C85 /* MultiPlatformDemoTests.swift */,
			);
			path = MultiPlatformDemoTests;
			sourceTree = "<group>";
		};
		50871C902B6C650900EA2C85 /* MultiPlatformDemoUITests */ = {
			isa = PBXGroup;
			children = (
				50871C912B6C650900EA2C85 /* MultiPlatformDemoUITests.swift */,
				50871C932B6C650900EA2C85 /* MultiPlatformDemoUITestsLaunchTests.swift */,
			);
			path = MultiPlatformDemoUITests;
			sourceTree = "<group>";
		};
/* End PBXGroup section */

/* Begin PBXNativeTarget section */
		50871C712B6C650700EA2C85 /* MultiPlatformDemo */ = {
			isa = PBXNativeTarget;
			buildConfigurationList = 50871C972B6C650900EA2C85 /* Build configuration list for PBXNativeTarget "MultiPlatformDemo" */;
			buildPhases = (
				50871C6E2B6C650700EA2C85 /* Sources */,
				50871C6F2B6C650700EA2C85 /* Frameworks */,
				50871C702B6C650700EA2C85 /* Resources */,
			);
			buildRules = (
			);
			dependencies = (
			);
			name = MultiPlatformDemo;
			productName = MultiPlatformDemo;
			productReference = 50871C722B6C650700EA2C85 /* MultiPlatformDemo.app */;
			productType = "com.apple.product-type.application";
		};
		50871C822B6C650900EA2C85 /* MultiPlatformDemoTests */ = {
			isa = PBXNativeTarget;
			buildConfigurationList = 50871C9A2B6C650900EA2C85 /* Build configuration list for PBXNativeTarget "MultiPlatformDemoTests" */;
			buildPhases = (
				50871C7F2B6C650900EA2C85 /* Sources */,
				50871C802B6C650900EA2C85 /* Frameworks */,
				50871C812B6C650900EA2C85 /* Resources */,
			);
			buildRules = (
			);
			dependencies = (
				50871C852B6C650900EA2C85 /* PBXTargetDependency */,
			);
			name = MultiPlatformDemoTests;
			productName = MultiPlatformDemoTests;
			productReference = 50871C832B6C650900EA2C85 /* MultiPlatformDemoTests.xctest */;
			productType = "com.apple.product-type.bundle.unit-test";
		};
		50871C8C2B6C650900EA2C85 /* MultiPlatformDemoUITests */ = {
			isa = PBXNativeTarget;
			buildConfigurationList = 50871C9D2B6C650900EA2C85 /* Build configuration list for PBXNativeTarget "MultiPlatformDemoUITests" */;
			buildPhases = (
				50871C892B6C650900EA2C85 /* Sources */,
				50871C8A2B6C650900EA2C85 /* Frameworks */,
				50871C8B2B6C650900EA2C85 /* Resources */,
			);
			buildRules = (
			);
			dependencies = (
				50871C8F2B6C650900EA2C85 /* PBXTargetDependency */,
			);
			name = MultiPlatformDemoUITests;
			productName = MultiPlatformDemoUITests;
			productReference = 50871C8D2B6C650900EA2C85 /* MultiPlatformDemoUITests.xctest */;
			productType = "com.apple.product-type.bundle.ui-testing";
		};
/* End PBXNativeTarget section */

/* Begin PBXProject section */
		50871C6A2B6C650700EA2C85 /* Project object */ = {
			isa = PBXProject;
			attributes = {
				BuildIndependentTargetsInParallel = 1;
				LastSwiftUpdateCheck = 1510;
				LastUpgradeCheck = 1510;
				TargetAttributes = {
					50871C712B6C650700EA2C85 = {
						CreatedOnToolsVersion = 15.1;
					};
					50871C822B6C650900EA2C85 = {
						CreatedOnToolsVersion = 15.1;
						TestTargetID = 50871C712B6C650700EA2C85;
					};
					50871C8C2B6C650900EA2C85 = {
						CreatedOnToolsVersion = 15.1;
						TestTargetID = 50871C712B6C650700EA2C85;
					};
				};
			};
			buildConfigurationList = 50871C6D2B6C650700EA2C85 /* Build configuration list for PBXProject "MultiPlatformDemo" */;
			compatibilityVersion = "Xcode 14.0";
			developmentRegion = en;
			hasScannedForEncodings = 0;
			knownRegions = (
				en,
				Base,
			);
			mainGroup = 50871C692B6C650700EA2C85;
			productRefGroup = 50871C732B6C650700EA2C85 /* Products */;
			projectDirPath = "";
			projectRoot = "";
			targets = (
				50871C712B6C650700EA2C85 /* MultiPlatformDemo */,
				50871C822B6C650900EA2C85 /* MultiPlatformDemoTests */,
				50871C8C2B6C650900EA2C85 /* MultiPlatformDemoUITests */,
			);
		};
/* End PBXProject section */

/* Begin PBXResourcesBuildPhase section */
		50871C702B6C650700EA2C85 /* Resources */ = {
			isa = PBXResourcesBuildPhase;
			buildActionMask = 2147483647;
			files = (
				50871C7E2B6C650800EA2C85 /* Preview Assets.xcassets in Resources */,
				50871C7A2B6C650800EA2C85 /* Assets.xcassets in Resources */,
			);
			runOnlyForDeploymentPostprocessing = 0;
		};
		50871C812B6C650900EA2C85 /* Resources */ = {
			isa = PBXResourcesBuildPhase;
			buildActionMask = 2147483647;
			files = (
			);
			runOnlyForDeploymentPostprocessing = 0;
		};
		50871C8B2B6C650900EA2C85 /* Resources */ = {
			isa = PBXResourcesBuildPhase;
			buildActionMask = 2147483647;
			files = (
			);
			runOnlyForDeploymentPostprocessing = 0;
		};
/* End PBXResourcesBuildPhase section */

/* Begin PBXSourcesBuildPhase section */
		50871C6E2B6C650700EA2C85 /* Sources */ = {
			isa = PBXSourcesBuildPhase;
			buildActionMask = 2147483647;
			files = (
				50871C782B6C650700EA2C85 /* ContentView.swift in Sources */,
				50871C762B6C650700EA2C85 /* MultiPlatformDemoApp.swift in Sources */,
			);
			runOnlyForDeploymentPostprocessing = 0;
		};
		50871C7F2B6C650900EA2C85 /* Sources */ = {
			isa = PBXSourcesBuildPhase;
			buildActionMask = 2147483647;
			files = (
				50871C882B6C650900EA2C85 /* MultiPlatformDemoTests.swift in Sources */,
			);
			runOnlyForDeploymentPostprocessing = 0;
		};
		50871C892B6C650900EA2C85 /* Sources */ = {
			isa = PBXSourcesBuildPhase;
			buildActionMask = 2147483647;
			files = (
				50871C942B6C650900EA2C85 /* MultiPlatformDemoUITestsLaunchTests.swift in Sources */,
				50871C922B6C650900EA2C85 /* MultiPlatformDemoUITests.swift in Sources */,
			);
			runOnlyForDeploymentPostprocessing = 0;
		};
/* End PBXSourcesBuildPhase section */

/* Begin PBXTargetDependency section */
		50871C852B6C650900EA2C85 /* PBXTargetDependency */ = {
			isa = PBXTargetDependency;
			target = 50871C712B6C650700EA2C85 /* MultiPlatformDemo */;
			targetProxy = 50871C842B6C650900EA2C85 /* PBXContainerItemProxy */;
		};
		50871C8F2B6C650900EA2C85 /* PBXTargetDependency */ = {
			isa = PBXTargetDependency;
			target = 50871C712B6C650700EA2C85 /* MultiPlatformDemo */;
			targetProxy = 50871C8E2B6C650900EA2C85 /* PBXContainerItemProxy */;
		};
/* End PBXTargetDependency section */

/* Begin XCBuildConfiguration section */
		50871C952B6C650900EA2C85 /* Debug */ = {
			isa = XCBuildConfiguration;
			buildSettings = {
				ALWAYS_SEARCH_USER_PATHS = NO;
				ASSETCATALOG_COMPILER_GENERATE_SWIFT_ASSET_SYMBOL_EXTENSIONS = YES;
				CLANG_ANALYZER_NONNULL = YES;
				CLANG_ANALYZER_NUMBER_OBJECT_CONVERSION = YES_AGGRESSIVE;
				CLANG_CXX_LANGUAGE_STANDARD = "gnu++20";
				CLANG_ENABLE_MODULES = YES;
				CLANG_ENABLE_OBJC_ARC = YES;
				CLANG_ENABLE_OBJC_WEAK = YES;
				CLANG_WARN_BLOCK_CAPTURE_AUTORELEASING = YES;
				CLANG_WARN_BOOL_CONVERSION = YES;
				CLANG_WARN_COMMA = YES;
				CLANG_WARN_CONSTANT_CONVERSION = YES;
				CLANG_WARN_DEPRECATED_OBJC_IMPLEMENTATIONS = YES;
				CLANG_WARN_DIRECT_OBJC_ISA_USAGE = YES_ERROR;
				CLANG_WARN_DOCUMENTATION_COMMENTS = YES;
				CLANG_WARN_EMPTY_BODY = YES;
				CLANG_WARN_ENUM_CONVERSION = YES;
				CLANG_WARN_INFINITE_RECURSION = YES;
				CLANG_WARN_INT_CONVERSION = YES;
				CLANG_WARN_NON_LITERAL_NULL_CONVERSION = YES;
				CLANG_WARN_OBJC_IMPLICIT_RETAIN_SELF = YES;
				CLANG_WARN_OBJC_LITERAL_CONVERSION = YES;
				CLANG_WARN_OBJC_ROOT_CLASS = YES_ERROR;
				CLANG_WARN_QUOTED_INCLUDE_IN_FRAMEWORK_HEADER = YES;
				CLANG_WARN_RANGE_LOOP_ANALYSIS = YES;
				CLANG_WARN_STRICT_PROTOTYPES = YES;
				CLANG_WARN_SUSPICIOUS_MOVE = YES;
				CLANG_WARN_UNGUARDED_AVAILABILITY = YES_AGGRESSIVE;
				CLANG_WARN_UNREACHABLE_CODE = YES;
				CLANG_WARN__DUPLICATE_METHOD_MATCH = YES;
				COPY_PHASE_STRIP = NO;
				DEBUG_INFORMATION_FORMAT = dwarf;
				ENABLE_STRICT_OBJC_MSGSEND = YES;
				ENABLE_TESTABILITY = YES;
				ENABLE_USER_SCRIPT_SANDBOXING = YES;
				GCC_C_LANGUAGE_STANDARD = gnu17;
				GCC_DYNAMIC_NO_PIC = NO;
				GCC_NO_COMMON_BLOCKS = YES;
				GCC_OPTIMIZATION_LEVEL = 0;
				GCC_PREPROCESSOR_DEFINITIONS = (
					"DEBUG=1",
					"$(inherited)",
				);
				GCC_WARN_64_TO_32_BIT_CONVERSION = YES;
				GCC_WARN_ABOUT_RETURN_TYPE = YES_ERROR;
				GCC_WARN_UNDECLARED_SELECTOR = YES;
				GCC_WARN_UNINITIALIZED_AUTOS = YES_AGGRESSIVE;
				GCC_WARN_UNUSED_FUNCTION = YES;
				GCC_WARN_UNUSED_VARIABLE = YES;
				LOCALIZATION_PREFERS_STRING_CATALOGS = YES;
				MTL_ENABLE_DEBUG_INFO = INCLUDE_SOURCE;
				MTL_FAST_MATH = YES;
				ONLY_ACTIVE_ARCH = YES;
				SWIFT_ACTIVE_COMPILATION_CONDITIONS = "DEBUG $(inherited)";
				SWIFT_OPTIMIZATION_LEVEL = "-Onone";
			};
			name = Debug;
		};
		50871C962B6C650900EA2C85 /* Release */ = {
			isa = XCBuildConfiguration;
			buildSettings = {
				ALWAYS_SEARCH_USER_PATHS = NO;
				ASSETCATALOG_COMPILER_GENERATE_SWIFT_ASSET_SYMBOL_EXTENSIONS = YES;
				CLANG_ANALYZER_NONNULL = YES;
				CLANG_ANALYZER_NUMBER_OBJECT_CONVERSION = YES_AGGRESSIVE;
				CLANG_CXX_LANGUAGE_STANDARD = "gnu++20";
				CLANG_ENABLE_MODULES = YES;
				CLANG_ENABLE_OBJC_ARC = YES;
				CLANG_ENABLE_OBJC_WEAK = YES;
				CLANG_WARN_BLOCK_CAPTURE_AUTORELEASING = YES;
				CLANG_WARN_BOOL_CONVERSION = YES;
				CLANG_WARN_COMMA = YES;
				CLANG_WARN_CONSTANT_CONVERSION = YES;
				CLANG_WARN_DEPRECATED_OBJC_IMPLEMENTATIONS = YES;
				CLANG_WARN_DIRECT_OBJC_ISA_USAGE = YES_ERROR;
				CLANG_WARN_DOCUMENTATION_COMMENTS = YES;
				CLANG_WARN_EMPTY_BODY = YES;
				CLANG_WARN_ENUM_CONVERSION = YES;
				CLANG_WARN_INFINITE_RECURSION = YES;
				CLANG_WARN_INT_CONVERSION = YES;
				CLANG_WARN_NON_LITERAL_NULL_CONVERSION = YES;
				CLANG_WARN_OBJC_IMPLICIT_RETAIN_SELF = YES;
				CLANG_WARN_OBJC_LITERAL_CONVERSION = YES;
				CLANG_WARN_OBJC_ROOT_CLASS = YES_ERROR;
				CLANG_WARN_QUOTED_INCLUDE_IN_FRAMEWORK_HEADER = YES;
				CLANG_WARN_RANGE_LOOP_ANALYSIS = YES;
				CLANG_WARN_STRICT_PROTOTYPES = YES;
				CLANG_WARN_SUSPICIOUS_MOVE = YES;
				CLANG_WARN_UNGUARDED_AVAILABILITY = YES_AGGRESSIVE;
				CLANG_WARN_UNREACHABLE_CODE = YES;
				CLANG_WARN__DUPLICATE_METHOD_MATCH = YES;
				COPY_PHASE_STRIP = NO;
				DEBUG_INFORMATION_FORMAT = "dwarf-with-dsym";
				ENABLE_NS_ASSERTIONS = NO;
				ENABLE_STRICT_OBJC_MSGSEND = YES;
				ENABLE_USER_SCRIPT_SANDBOXING = YES;
				GCC_C_LANGUAGE_STANDARD = gnu17;
				GCC_NO_COMMON_BLOCKS = YES;
				GCC_WARN_64_TO_32_BIT_CONVERSION = YES;
				GCC_WARN_ABOUT_RETURN_TYPE = YES_ERROR;
				GCC_WARN_UNDECLARED_SELECTOR = YES;
				GCC_WARN_UNINITIALIZED_AUTOS = YES_AGGRESSIVE;
				GCC_WARN_UNUSED_FUNCTION = YES;
				GCC_WARN_UNUSED_VARIABLE = YES;
				LOCALIZATION_PREFERS_STRING_CATALOGS = YES;
				MTL_ENABLE_DEBUG_INFO = NO;
				MTL_FAST_MATH = YES;
				SWIFT_COMPILATION_MODE = wholemodule;
			};
			name = Release;
		};
		50871C982B6C650900EA2C85 /* Debug */ = {
			isa = XCBuildConfiguration;
			buildSettings = {
				ASSETCATALOG_COMPILER_APPICON_NAME = AppIcon;
				ASSETCATALOG_COMPILER_GLOBAL_ACCENT_COLOR_NAME = AccentColor;
				CODE_SIGN_ENTITLEMENTS = MultiPlatformDemo/MultiPlatformDemo.entitlements;
				CODE_SIGN_STYLE = Automatic;
				CURRENT_PROJECT_VERSION = 1;
				DEVELOPMENT_ASSET_PATHS = "\"MultiPlatformDemo/Preview Content\"";
				DEVELOPMENT_TEAM = 827JZHP663;
				ENABLE_HARDENED_RUNTIME = YES;
				ENABLE_PREVIEWS = YES;
				GENERATE_INFOPLIST_FILE = YES;
				"INFOPLIST_KEY_UIApplicationSceneManifest_Generation[sdk=iphoneos*]" = YES;
				"INFOPLIST_KEY_UIApplicationSceneManifest_Generation[sdk=iphonesimulator*]" = YES;
				"INFOPLIST_KEY_UIApplicationSupportsIndirectInputEvents[sdk=iphoneos*]" = YES;
				"INFOPLIST_KEY_UIApplicationSupportsIndirectInputEvents[sdk=iphonesimulator*]" = YES;
				"INFOPLIST_KEY_UILaunchScreen_Generation[sdk=iphoneos*]" = YES;
				"INFOPLIST_KEY_UILaunchScreen_Generation[sdk=iphonesimulator*]" = YES;
				"INFOPLIST_KEY_UIStatusBarStyle[sdk=iphoneos*]" = UIStatusBarStyleDefault;
				"INFOPLIST_KEY_UIStatusBarStyle[sdk=iphonesimulator*]" = UIStatusBarStyleDefault;
				INFOPLIST_KEY_UISupportedInterfaceOrientations_iPad = "UIInterfaceOrientationPortrait UIInterfaceOrientationPortraitUpsideDown UIInterfaceOrientationLandscapeLeft UIInterfaceOrientationLandscapeRight";
				INFOPLIST_KEY_UISupportedInterfaceOrientations_iPhone = "UIInterfaceOrientationPortrait UIInterfaceOrientationLandscapeLeft UIInterfaceOrientationLandscapeRight";
				IPHONEOS_DEPLOYMENT_TARGET = 17.2;
				LD_RUNPATH_SEARCH_PATHS = "@executable_path/Frameworks";
				"LD_RUNPATH_SEARCH_PATHS[sdk=macosx*]" = "@executable_path/../Frameworks";
				MACOSX_DEPLOYMENT_TARGET = 14.1;
				MARKETING_VERSION = 1.0;
				PRODUCT_BUNDLE_IDENTIFIER = com.gbc.MultiPlatformDemo;
				PRODUCT_NAME = "$(TARGET_NAME)";
				SDKROOT = auto;
				SUPPORTED_PLATFORMS = "iphoneos iphonesimulator macosx";
				SWIFT_EMIT_LOC_STRINGS = YES;
				SWIFT_VERSION = 5.0;
				TARGETED_DEVICE_FAMILY = "1,2";
			};
			name = Debug;
		};
		50871C992B6C650900EA2C85 /* Release */ = {
			isa = XCBuildConfiguration;
			buildSettings = {
				ASSETCATALOG_COMPILER_APPICON_NAME = AppIcon;
				ASSETCATALOG_COMPILER_GLOBAL_ACCENT_COLOR_NAME = AccentColor;
				CODE_SIGN_ENTITLEMENTS = MultiPlatformDemo/MultiPlatformDemo.entitlements;
				CODE_SIGN_STYLE = Automatic;
				CURRENT_PROJECT_VERSION = 1;
				DEVELOPMENT_ASSET_PATHS = "\"MultiPlatformDemo/Preview Content\"";
				DEVELOPMENT_TEAM = 827JZHP663;
				ENABLE_HARDENED_RUNTIME = YES;
				ENABLE_PREVIEWS = YES;
				GENERATE_INFOPLIST_FILE = YES;
				"INFOPLIST_KEY_UIApplicationSceneManifest_Generation[sdk=iphoneos*]" = YES;
				"INFOPLIST_KEY_UIApplicationSceneManifest_Generation[sdk=iphonesimulator*]" = YES;
				"INFOPLIST_KEY_UIApplicationSupportsIndirectInputEvents[sdk=iphoneos*]" = YES;
				"INFOPLIST_KEY_UIApplicationSupportsIndirectInputEvents[sdk=iphonesimulator*]" = YES;
				"INFOPLIST_KEY_UILaunchScreen_Generation[sdk=iphoneos*]" = YES;
				"INFOPLIST_KEY_UILaunchScreen_Generation[sdk=iphonesimulator*]" = YES;
				"INFOPLIST_KEY_UIStatusBarStyle[sdk=iphoneos*]" = UIStatusBarStyleDefault;
				"INFOPLIST_KEY_UIStatusBarStyle[sdk=iphonesimulator*]" = UIStatusBarStyleDefault;
				INFOPLIST_KEY_UISupportedInterfaceOrientations_iPad = "UIInterfaceOrientationPortrait UIInterfaceOrientationPortraitUpsideDown UIInterfaceOrientationLandscapeLeft UIInterfaceOrientationLandscapeRight";
				INFOPLIST_KEY_UISupportedInterfaceOrientations_iPhone = "UIInterfaceOrientationPortrait UIInterfaceOrientationLandscapeLeft UIInterfaceOrientationLandscapeRight";
				IPHONEOS_DEPLOYMENT_TARGET = 17.2;
				LD_RUNPATH_SEARCH_PATHS = "@executable_path/Frameworks";
				"LD_RUNPATH_SEARCH_PATHS[sdk=macosx*]" = "@executable_path/../Frameworks";
				MACOSX_DEPLOYMENT_TARGET = 14.1;
				MARKETING_VERSION = 1.0;
				PRODUCT_BUNDLE_IDENTIFIER = com.gbc.MultiPlatformDemo;
				PRODUCT_NAME = "$(TARGET_NAME)";
				SDKROOT = auto;
				SUPPORTED_PLATFORMS = "iphoneos iphonesimulator macosx";
				SWIFT_EMIT_LOC_STRINGS = YES;
				SWIFT_VERSION = 5.0;
				TARGETED_DEVICE_FAMILY = "1,2";
			};
			name = Release;
		};
		50871C9B2B6C650900EA2C85 /* Debug */ = {
			isa = XCBuildConfiguration;
			buildSettings = {
				ALWAYS_EMBED_SWIFT_STANDARD_LIBRARIES = YES;
				BUNDLE_LOADER = "$(TEST_HOST)";
				CODE_SIGN_STYLE = Automatic;
				CURRENT_PROJECT_VERSION = 1;
				DEVELOPMENT_TEAM = 827JZHP663;
				GENERATE_INFOPLIST_FILE = YES;
				IPHONEOS_DEPLOYMENT_TARGET = 17.2;
				MACOSX_DEPLOYMENT_TARGET = 14.1;
				MARKETING_VERSION = 1.0;
				PRODUCT_BUNDLE_IDENTIFIER = com.gbc.MultiPlatformDemoTests;
				PRODUCT_NAME = "$(TARGET_NAME)";
				SDKROOT = auto;
				SUPPORTED_PLATFORMS = "iphoneos iphonesimulator macosx";
				SWIFT_EMIT_LOC_STRINGS = NO;
				SWIFT_VERSION = 5.0;
				TARGETED_DEVICE_FAMILY = "1,2";
				TEST_HOST = "$(BUILT_PRODUCTS_DIR)/MultiPlatformDemo.app/$(BUNDLE_EXECUTABLE_FOLDER_PATH)/MultiPlatformDemo";
			};
			name = Debug;
		};
		50871C9C2B6C650900EA2C85 /* Release */ = {
			isa = XCBuildConfiguration;
			buildSettings = {
				ALWAYS_EMBED_SWIFT_STANDARD_LIBRARIES = YES;
				BUNDLE_LOADER = "$(TEST_HOST)";
				CODE_SIGN_STYLE = Automatic;
				CURRENT_PROJECT_VERSION = 1;
				DEVELOPMENT_TEAM = 827JZHP663;
				GENERATE_INFOPLIST_FILE = YES;
				IPHONEOS_DEPLOYMENT_TARGET = 17.2;
				MACOSX_DEPLOYMENT_TARGET = 14.1;
				MARKETING_VERSION = 1.0;
				PRODUCT_BUNDLE_IDENTIFIER = com.gbc.MultiPlatformDemoTests;
				PRODUCT_NAME = "$(TARGET_NAME)";
				SDKROOT = auto;
				SUPPORTED_PLATFORMS = "iphoneos iphonesimulator macosx";
				SWIFT_EMIT_LOC_STRINGS = NO;
				SWIFT_VERSION = 5.0;
				TARGETED_DEVICE_FAMILY = "1,2";
				TEST_HOST = "$(BUILT_PRODUCTS_DIR)/MultiPlatformDemo.app/$(BUNDLE_EXECUTABLE_FOLDER_PATH)/MultiPlatformDemo";
			};
			name = Release;
		};
		50871C9E2B6C650900EA2C85 /* Debug */ = {
			isa = XCBuildConfiguration;
			buildSettings = {
				ALWAYS_EMBED_SWIFT_STANDARD_LIBRARIES = YES;
				CODE_SIGN_STYLE = Automatic;
				CURRENT_PROJECT_VERSION = 1;
				DEVELOPMENT_TEAM = 827JZHP663;
				GENERATE_INFOPLIST_FILE = YES;
				IPHONEOS_DEPLOYMENT_TARGET = 17.2;
				MACOSX_DEPLOYMENT_TARGET = 14.1;
				MARKETING_VERSION = 1.0;
				PRODUCT_BUNDLE_IDENTIFIER = com.gbc.MultiPlatformDemoUITests;
				PRODUCT_NAME = "$(TARGET_NAME)";
				SDKROOT = auto;
				SUPPORTED_PLATFORMS = "iphoneos iphonesimulator macosx";
				SWIFT_EMIT_LOC_STRINGS = NO;
				SWIFT_VERSION = 5.0;
				TARGETED_DEVICE_FAMILY = "1,2";
				TEST_TARGET_NAME = MultiPlatformDemo;
			};
			name = Debug;
		};
		50871C9F2B6C650900EA2C85 /* Release */ = {
			isa = XCBuildConfiguration;
			buildSettings = {
				ALWAYS_EMBED_SWIFT_STANDARD_LIBRARIES = YES;
				CODE_SIGN_STYLE = Automatic;
				CURRENT_PROJECT_VERSION = 1;
				DEVELOPMENT_TEAM = 827JZHP663;
				GENERATE_INFOPLIST_FILE = YES;
				IPHONEOS_DEPLOYMENT_TARGET = 17.2;
				MACOSX_DEPLOYMENT_TARGET = 14.1;
				MARKETING_VERSION = 1.0;
				PRODUCT_BUNDLE_IDENTIFIER = com.gbc.MultiPlatformDemoUITests;
				PRODUCT_NAME = "$(TARGET_NAME)";
				SDKROOT = auto;
				SUPPORTED_PLATFORMS = "iphoneos iphonesimulator macosx";
				SWIFT_EMIT_LOC_STRINGS = NO;
				SWIFT_VERSION = 5.0;
				TARGETED_DEVICE_FAMILY = "1,2";
				TEST_TARGET_NAME = MultiPlatformDemo;
			};
			name = Release;
		};
/* End XCBuildConfiguration section */

/* Begin XCConfigurationList section */
		50871C6D2B6C650700EA2C85 /* Build configuration list for PBXProject "MultiPlatformDemo" */ = {
			isa = XCConfigurationList;
			buildConfigurations = (
				50871C952B6C650900EA2C85 /* Debug */,
				50871C962B6C650900EA2C85 /* Release */,
			);
			defaultConfigurationIsVisible = 0;
			defaultConfigurationName = Release;
		};
		50871C972B6C650900EA2C85 /* Build configuration list for PBXNativeTarget "MultiPlatformDemo" */ = {
			isa = XCConfigurationList;
			buildConfigurations = (
				50871C982B6C650900EA2C85 /* Debug */,
				50871C992B6C650900EA2C85 /* Release */,
			);
			defaultConfigurationIsVisible = 0;
			defaultConfigurationName = Release;
		};
		50871C9A2B6C650900EA2C85 /* Build configuration list for PBXNativeTarget "MultiPlatformDemoTests" */ = {
			isa = XCConfigurationList;
			buildConfigurations = (
				50871C9B2B6C650900EA2C85 /* Debug */,
				50871C9C2B6C650900EA2C85 /* Release */,
			);
			defaultConfigurationIsVisible = 0;
			defaultConfigurationName = Release;
		};
		50871C9D2B6C650900EA2C85 /* Build configuration list for PBXNativeTarget "MultiPlatformDemoUITests" */ = {
			isa = XCConfigurationList;
			buildConfigurations = (
				50871C9E2B6C650900EA2C85 /* Debug */,
				50871C9F2B6C650900EA2C85 /* Release */,
			);
			defaultConfigurationIsVisible = 0;
			defaultConfigurationName = Release;
		};
/* End XCConfigurationList section */
	};
	rootObject = 50871C6A2B6C650700EA2C85 /* Project object */;
}
